// !$*UTF8*$!
{
	archiveVersion = 1;
	classes = {
	};
	objectVersion = 50;
	objects = {

/* Begin PBXBuildFile section */
		FF33414C278BDD2000FDBD91 /* Fixed_ResourceLimits.h in Headers */ = {isa = PBXBuildFile; fileRef = FF33414B278BDD2000FDBD91 /* Fixed_ResourceLimits.h */; };
		FF4810152772B23400BBF7C7 /* libMGL.dylib in Frameworks */ = {isa = PBXBuildFile; fileRef = FFA83000276F97DE003F1EA0 /* libMGL.dylib */; };
		FF48106F2772B48900BBF7C7 /* glfw3.h in Headers */ = {isa = PBXBuildFile; fileRef = FF48102F2772B48900BBF7C7 /* glfw3.h */; };
		FF4810702772B48900BBF7C7 /* glfw3native.h in Headers */ = {isa = PBXBuildFile; fileRef = FF4810302772B48900BBF7C7 /* glfw3native.h */; };
		FF4810712772B48900BBF7C7 /* mgl_context.m in Sources */ = {isa = PBXBuildFile; fileRef = FF4810322772B48900BBF7C7 /* mgl_context.m */; };
		FF4810732772B48900BBF7C7 /* cocoa_joystick.m in Sources */ = {isa = PBXBuildFile; fileRef = FF4810342772B48900BBF7C7 /* cocoa_joystick.m */; };
		FF4810762772B48900BBF7C7 /* monitor.c in Sources */ = {isa = PBXBuildFile; fileRef = FF4810372772B48900BBF7C7 /* monitor.c */; };
		FF4810772772B48900BBF7C7 /* cocoa_init.m in Sources */ = {isa = PBXBuildFile; fileRef = FF4810382772B48900BBF7C7 /* cocoa_init.m */; };
		FF4810782772B48900BBF7C7 /* internal.h in Headers */ = {isa = PBXBuildFile; fileRef = FF4810392772B48900BBF7C7 /* internal.h */; };
		FF48107A2772B48900BBF7C7 /* null_init.c in Sources */ = {isa = PBXBuildFile; fileRef = FF48103B2772B48900BBF7C7 /* null_init.c */; };
		FF48107E2772B48900BBF7C7 /* null_joystick.c in Sources */ = {isa = PBXBuildFile; fileRef = FF4810402772B48900BBF7C7 /* null_joystick.c */; };
		FF4810812772B48900BBF7C7 /* init.c in Sources */ = {isa = PBXBuildFile; fileRef = FF4810432772B48900BBF7C7 /* init.c */; };
		FF48108C2772B48900BBF7C7 /* platform.c in Sources */ = {isa = PBXBuildFile; fileRef = FF48104F2772B48900BBF7C7 /* platform.c */; };
		FF48108D2772B48900BBF7C7 /* osmesa_context.c in Sources */ = {isa = PBXBuildFile; fileRef = FF4810502772B48900BBF7C7 /* osmesa_context.c */; };
		FF48108F2772B48900BBF7C7 /* vulkan.c in Sources */ = {isa = PBXBuildFile; fileRef = FF4810532772B48900BBF7C7 /* vulkan.c */; };
		FF4810902772B48900BBF7C7 /* null_monitor.c in Sources */ = {isa = PBXBuildFile; fileRef = FF4810542772B48900BBF7C7 /* null_monitor.c */; };
		FF4810922772B48900BBF7C7 /* input.c in Sources */ = {isa = PBXBuildFile; fileRef = FF4810562772B48900BBF7C7 /* input.c */; };
		FF4810932772B48900BBF7C7 /* posix_thread.c in Sources */ = {isa = PBXBuildFile; fileRef = FF4810572772B48900BBF7C7 /* posix_thread.c */; };
		FF4810972772B48900BBF7C7 /* null_window.c in Sources */ = {isa = PBXBuildFile; fileRef = FF48105B2772B48900BBF7C7 /* null_window.c */; };
		FF4810992772B48900BBF7C7 /* cocoa_window.m in Sources */ = {isa = PBXBuildFile; fileRef = FF48105D2772B48900BBF7C7 /* cocoa_window.m */; };
		FF48109A2772B48900BBF7C7 /* egl_context.c in Sources */ = {isa = PBXBuildFile; fileRef = FF48105E2772B48900BBF7C7 /* egl_context.c */; };
		FF48109D2772B48900BBF7C7 /* context.c in Sources */ = {isa = PBXBuildFile; fileRef = FF4810612772B48900BBF7C7 /* context.c */; };
		FF48109E2772B48900BBF7C7 /* cocoa_time.c in Sources */ = {isa = PBXBuildFile; fileRef = FF4810622772B48900BBF7C7 /* cocoa_time.c */; };
		FF4810A02772B48900BBF7C7 /* posix_module.c in Sources */ = {isa = PBXBuildFile; fileRef = FF4810642772B48900BBF7C7 /* posix_module.c */; };
		FF4810A62772B48900BBF7C7 /* platform.h in Headers */ = {isa = PBXBuildFile; fileRef = FF48106A2772B48900BBF7C7 /* platform.h */; };
		FF4810A92772B48900BBF7C7 /* cocoa_monitor.m in Sources */ = {isa = PBXBuildFile; fileRef = FF48106D2772B48900BBF7C7 /* cocoa_monitor.m */; };
		FF4810AA2772B48900BBF7C7 /* window.c in Sources */ = {isa = PBXBuildFile; fileRef = FF48106E2772B48900BBF7C7 /* window.c */; };
		FF4811192772B76600BBF7C7 /* libMGL.dylib in Frameworks */ = {isa = PBXBuildFile; fileRef = FFA83000276F97DE003F1EA0 /* libMGL.dylib */; };
		FF48111F2772B77700BBF7C7 /* libGLFW.dylib in Frameworks */ = {isa = PBXBuildFile; fileRef = FF48101E2772B44D00BBF7C7 /* libGLFW.dylib */; };
		FF4811722776963E00BBF7C7 /* tex_param.c in Sources */ = {isa = PBXBuildFile; fileRef = FF4811712776963E00BBF7C7 /* tex_param.c */; };
		FF7B77A52771054F00C2028F /* ezxml.c in Sources */ = {isa = PBXBuildFile; fileRef = FF7B77A32771054F00C2028F /* ezxml.c */; };
		FF7B77AF2771056B00C2028F /* enum_parser.c in Sources */ = {isa = PBXBuildFile; fileRef = FFA83037276F9D10003F1EA0 /* enum_parser.c */; };
		FF7B784B27714BE700C2028F /* spec_parser.c in Sources */ = {isa = PBXBuildFile; fileRef = FF7B784A27714BE700C2028F /* spec_parser.c */; };
		FF7B785427714C3800C2028F /* ezxml.c in Sources */ = {isa = PBXBuildFile; fileRef = FF7B77A32771054F00C2028F /* ezxml.c */; };
		FF7B7A422772895400C2028F /* Foundation.framework in Frameworks */ = {isa = PBXBuildFile; fileRef = FF7B7A412772895400C2028F /* Foundation.framework */; };
		FF7B7A4E2772897500C2028F /* QuartzCore.framework in Frameworks */ = {isa = PBXBuildFile; fileRef = FF7B7A4D2772897500C2028F /* QuartzCore.framework */; };
		FF7B7A542772898700C2028F /* IOKit.framework in Frameworks */ = {isa = PBXBuildFile; fileRef = FF7B7A532772898700C2028F /* IOKit.framework */; };
		FF7B7A6627728A0B00C2028F /* Cocoa.framework in Frameworks */ = {isa = PBXBuildFile; fileRef = FF7B7A6527728A0B00C2028F /* Cocoa.framework */; };
		FF7B7A9D27728C1D00C2028F /* state.c in Sources */ = {isa = PBXBuildFile; fileRef = FF7B7A8427728C1D00C2028F /* state.c */; };
		FF7B7A9E27728C1D00C2028F /* MGLTextures.m in Sources */ = {isa = PBXBuildFile; fileRef = FF7B7A8527728C1D00C2028F /* MGLTextures.m */; };
		FF7B7A9F27728C1D00C2028F /* program.c in Sources */ = {isa = PBXBuildFile; fileRef = FF7B7A8627728C1D00C2028F /* program.c */; };
		FF7B7AA027728C1D00C2028F /* pixel_utils.c in Sources */ = {isa = PBXBuildFile; fileRef = FF7B7A8727728C1D00C2028F /* pixel_utils.c */; };
		FF7B7AA127728C1D00C2028F /* get.c in Sources */ = {isa = PBXBuildFile; fileRef = FF7B7A8827728C1D00C2028F /* get.c */; };
		FF7B7AA227728C1D00C2028F /* framebuffers.c in Sources */ = {isa = PBXBuildFile; fileRef = FF7B7A8927728C1D00C2028F /* framebuffers.c */; };
		FF7B7AA327728C1D00C2028F /* glm_params.c in Sources */ = {isa = PBXBuildFile; fileRef = FF7B7A8A27728C1D00C2028F /* glm_params.c */; };
		FF7B7AA427728C1D00C2028F /* non_core_unimplemented.c in Sources */ = {isa = PBXBuildFile; fileRef = FF7B7A8B27728C1D00C2028F /* non_core_unimplemented.c */; };
		FF7B7AA527728C1D00C2028F /* buffers.c in Sources */ = {isa = PBXBuildFile; fileRef = FF7B7A8C27728C1D00C2028F /* buffers.c */; };
		FF7B7AA627728C1D00C2028F /* textures.c in Sources */ = {isa = PBXBuildFile; fileRef = FF7B7A8D27728C1D00C2028F /* textures.c */; };
		FF7B7AA727728C1D00C2028F /* utils.c in Sources */ = {isa = PBXBuildFile; fileRef = FF7B7A8E27728C1D00C2028F /* utils.c */; };
		FF7B7AA827728C1D00C2028F /* error.c in Sources */ = {isa = PBXBuildFile; fileRef = FF7B7A8F27728C1D00C2028F /* error.c */; };
		FF7B7AA927728C1D00C2028F /* draw_buffers.c in Sources */ = {isa = PBXBuildFile; fileRef = FF7B7A9027728C1D00C2028F /* draw_buffers.c */; };
		FF7B7AAA27728C1D00C2028F /* fence.c in Sources */ = {isa = PBXBuildFile; fileRef = FF7B7A9127728C1D00C2028F /* fence.c */; };
		FF7B7AAB27728C1D00C2028F /* vertex_arrays.c in Sources */ = {isa = PBXBuildFile; fileRef = FF7B7A9227728C1D00C2028F /* vertex_arrays.c */; };
		FF7B7AAC27728C1D00C2028F /* mgl_funcs_to_be_implemented.c in Sources */ = {isa = PBXBuildFile; fileRef = FF7B7A9327728C1D00C2028F /* mgl_funcs_to_be_implemented.c */; };
		FF7B7AAD27728C1D00C2028F /* rendering.c in Sources */ = {isa = PBXBuildFile; fileRef = FF7B7A9427728C1D00C2028F /* rendering.c */; };
		FF7B7AAE27728C1D00C2028F /* glm_context.c in Sources */ = {isa = PBXBuildFile; fileRef = FF7B7A9527728C1D00C2028F /* glm_context.c */; };
		FF7B7AAF27728C1D00C2028F /* hash_table.c in Sources */ = {isa = PBXBuildFile; fileRef = FF7B7A9627728C1D00C2028F /* hash_table.c */; };
		FF7B7AB027728C1D00C2028F /* glm_dispatch.c in Sources */ = {isa = PBXBuildFile; fileRef = FF7B7A9727728C1D00C2028F /* glm_dispatch.c */; };
		FF7B7AB127728C1D00C2028F /* shaders.c in Sources */ = {isa = PBXBuildFile; fileRef = FF7B7A9827728C1D00C2028F /* shaders.c */; };
		FF7B7AB227728C1D00C2028F /* vertex_buffers.c in Sources */ = {isa = PBXBuildFile; fileRef = FF7B7A9927728C1D00C2028F /* vertex_buffers.c */; };
		FF7B7AB327728C1D00C2028F /* MGLRenderer.m in Sources */ = {isa = PBXBuildFile; fileRef = FF7B7A9A27728C1D00C2028F /* MGLRenderer.m */; };
		FF7B7AC927728C3100C2028F /* error.h in Headers */ = {isa = PBXBuildFile; fileRef = FF7B7AB927728C3100C2028F /* error.h */; };
		FF7B7ACA27728C3100C2028F /* utils.h in Headers */ = {isa = PBXBuildFile; fileRef = FF7B7ABA27728C3100C2028F /* utils.h */; };
		FF7B7ACB27728C3100C2028F /* gltypes.h in Headers */ = {isa = PBXBuildFile; fileRef = FF7B7ABB27728C3100C2028F /* gltypes.h */; };
		FF7B7ACC27728C3100C2028F /* MGLRenderer.h in Headers */ = {isa = PBXBuildFile; fileRef = FF7B7ABC27728C3100C2028F /* MGLRenderer.h */; };
		FF7B7ACD27728C3100C2028F /* shaders.h in Headers */ = {isa = PBXBuildFile; fileRef = FF7B7ABD27728C3100C2028F /* shaders.h */; };
		FF7B7ACE27728C3100C2028F /* glm_context.h in Headers */ = {isa = PBXBuildFile; fileRef = FF7B7ABE27728C3100C2028F /* glm_context.h */; };
		FF7B7ACF27728C3100C2028F /* glm_dispatch.h in Headers */ = {isa = PBXBuildFile; fileRef = FF7B7ABF27728C3100C2028F /* glm_dispatch.h */; };
		FF7B7AD027728C3100C2028F /* hash_table.h in Headers */ = {isa = PBXBuildFile; fileRef = FF7B7AC027728C3100C2028F /* hash_table.h */; };
		FF7B7AD227728C3100C2028F /* enums.h in Headers */ = {isa = PBXBuildFile; fileRef = FF7B7AC227728C3100C2028F /* enums.h */; };
		FF7B7AD327728C3200C2028F /* MGLContext.h in Headers */ = {isa = PBXBuildFile; fileRef = FF7B7AC327728C3100C2028F /* MGLContext.h */; };
		FF7B7AD427728C3200C2028F /* mgl.h in Headers */ = {isa = PBXBuildFile; fileRef = FF7B7AC427728C3100C2028F /* mgl.h */; };
		FF7B7AD527728C3200C2028F /* pixel_utils.h in Headers */ = {isa = PBXBuildFile; fileRef = FF7B7AC527728C3100C2028F /* pixel_utils.h */; };
		FF7B7AD627728C3200C2028F /* glcorearb.h in Headers */ = {isa = PBXBuildFile; fileRef = FF7B7AC627728C3100C2028F /* glcorearb.h */; };
		FF7B7AD727728C3200C2028F /* glm_params.h in Headers */ = {isa = PBXBuildFile; fileRef = FF7B7AC727728C3100C2028F /* glm_params.h */; };
		FF7B7AD827728C3200C2028F /* glm_limits.h in Headers */ = {isa = PBXBuildFile; fileRef = FF7B7AC827728C3100C2028F /* glm_limits.h */; };
		FF7B7AF7277290EB00C2028F /* gl_core.c in Sources */ = {isa = PBXBuildFile; fileRef = FF7B7AF6277290EB00C2028F /* gl_core.c */; };
		FF8F91A82780FBBD00A1E546 /* samplers.c in Sources */ = {isa = PBXBuildFile; fileRef = FF8F91A72780FBBD00A1E546 /* samplers.c */; };
		FF99BF6B2ADE117A008AE33A /* spirv_cross_c.cpp in Sources */ = {isa = PBXBuildFile; fileRef = FF99BF6A2ADE117A008AE33A /* spirv_cross_c.cpp */; };
		FF99BF6D2ADF27ED008AE33A /* vertex_arrays.h in Headers */ = {isa = PBXBuildFile; fileRef = FF99BF6C2ADF27ED008AE33A /* vertex_arrays.h */; };
		FF99BF6E2ADF304A008AE33A /* libglslang.a in Frameworks */ = {isa = PBXBuildFile; fileRef = FF7B788F27717FA400C2028F /* libglslang.a */; };
		FF99BF6F2ADF304A008AE33A /* libMachineIndependent.a in Frameworks */ = {isa = PBXBuildFile; fileRef = FF7B788E27717FA400C2028F /* libMachineIndependent.a */; };
		FF99BF702ADF304A008AE33A /* libGenericCodeGen.a in Frameworks */ = {isa = PBXBuildFile; fileRef = FF7B788D27717FA400C2028F /* libGenericCodeGen.a */; };
		FF99BF712ADF304A008AE33A /* libOSDependent.a in Frameworks */ = {isa = PBXBuildFile; fileRef = FF7B78A52771806C00C2028F /* libOSDependent.a */; };
		FF99BF732ADF30E0008AE33A /* libSPIRV-Tools.a in Frameworks */ = {isa = PBXBuildFile; fileRef = DFC728FC289485A000990595 /* libSPIRV-Tools.a */; };
		FF99BF792ADF30E0008AE33A /* libSPIRV-Tools-diff.a in Frameworks */ = {isa = PBXBuildFile; fileRef = FF99BF742ADF30E0008AE33A /* libSPIRV-Tools-diff.a */; };
		FF99BF7A2ADF30E0008AE33A /* libSPIRV-Tools-lint.a in Frameworks */ = {isa = PBXBuildFile; fileRef = FF99BF752ADF30E0008AE33A /* libSPIRV-Tools-lint.a */; };
		FF99BF7B2ADF30E0008AE33A /* libSPIRV-Tools-opt.a in Frameworks */ = {isa = PBXBuildFile; fileRef = FF99BF762ADF30E0008AE33A /* libSPIRV-Tools-opt.a */; };
		FF99BF7C2ADF30E0008AE33A /* libSPIRV-Tools-link.a in Frameworks */ = {isa = PBXBuildFile; fileRef = FF99BF772ADF30E0008AE33A /* libSPIRV-Tools-link.a */; };
		FF99BF7D2ADF30E0008AE33A /* libSPIRV-Tools-reduce.a in Frameworks */ = {isa = PBXBuildFile; fileRef = FF99BF782ADF30E0008AE33A /* libSPIRV-Tools-reduce.a */; };
		FF99BF7E2ADF311B008AE33A /* libspirv-cross-c.a in Frameworks */ = {isa = PBXBuildFile; fileRef = DFB50A8D28ADD0030084D12B /* libspirv-cross-c.a */; };
		FF99BF7F2ADF311B008AE33A /* libspirv-cross-msl.a in Frameworks */ = {isa = PBXBuildFile; fileRef = DFB50A8E28ADD0030084D12B /* libspirv-cross-msl.a */; };
		FF99BF802ADF311B008AE33A /* libspirv-cross-glsl.a in Frameworks */ = {isa = PBXBuildFile; fileRef = DFB50A8C28ADD0030084D12B /* libspirv-cross-glsl.a */; };
		FF99BF812ADF311B008AE33A /* libspirv-cross-core.a in Frameworks */ = {isa = PBXBuildFile; fileRef = DFB50A8B28ADD0030084D12B /* libspirv-cross-core.a */; };
		FF99BF822ADF311B008AE33A /* libspirv-cross-reflect.a in Frameworks */ = {isa = PBXBuildFile; fileRef = DFB50A8F28ADD0030084D12B /* libspirv-cross-reflect.a */; };
		FF99BF832ADF311B008AE33A /* libspirv-cross-cpp.a in Frameworks */ = {isa = PBXBuildFile; fileRef = DFB50A9028ADD0030084D12B /* libspirv-cross-cpp.a */; };
		FF99BF842ADF311B008AE33A /* libspirv-cross-util.a in Frameworks */ = {isa = PBXBuildFile; fileRef = DFB50A8A28ADD0020084D12B /* libspirv-cross-util.a */; };
		FF99BF862ADF3145008AE33A /* libglfw3.a in Frameworks */ = {isa = PBXBuildFile; fileRef = FF99BF852ADF3145008AE33A /* libglfw3.a */; };
		FF99BF872ADF320E008AE33A /* libglslang-default-resource-limits.a in Frameworks */ = {isa = PBXBuildFile; fileRef = FF99BF722ADF304A008AE33A /* libglslang-default-resource-limits.a */; };
		FF99BF882ADF3248008AE33A /* libSPVRemapper.a in Frameworks */ = {isa = PBXBuildFile; fileRef = FF7B789D2771804500C2028F /* libSPVRemapper.a */; };
		FF99BF892ADF3248008AE33A /* libSPIRV.a in Frameworks */ = {isa = PBXBuildFile; fileRef = FF7B789E2771804500C2028F /* libSPIRV.a */; };
		FFA1EB712782851500EEE5AD /* compute.c in Sources */ = {isa = PBXBuildFile; fileRef = FFA1EB702782851500EEE5AD /* compute.c */; };
		FFA83047276F9EBF003F1EA0 /* main.cpp in Sources */ = {isa = PBXBuildFile; fileRef = FFA83046276F9EBF003F1EA0 /* main.cpp */; };
		FFA83092277026C5003F1EA0 /* gl.xml in CopyFiles */ = {isa = PBXBuildFile; fileRef = FFA83091277026B6003F1EA0 /* gl.xml */; };
		FFFA8F52278D038F002505EF /* cocoa_time.h in Headers */ = {isa = PBXBuildFile; fileRef = FFFA8F4F278D038F002505EF /* cocoa_time.h */; };
		FFFA8F53278D038F002505EF /* cocoa_platform.h in Headers */ = {isa = PBXBuildFile; fileRef = FFFA8F50278D038F002505EF /* cocoa_platform.h */; };
		FFFA8F54278D038F002505EF /* cocoa_joystick.h in Headers */ = {isa = PBXBuildFile; fileRef = FFFA8F51278D038F002505EF /* cocoa_joystick.h */; };
/* End PBXBuildFile section */

/* Begin PBXContainerItemProxy section */
		FF4811202772B77C00BBF7C7 /* PBXContainerItemProxy */ = {
			isa = PBXContainerItemProxy;
			containerPortal = FFA82FF8276F97DE003F1EA0 /* Project object */;
			proxyType = 1;
			remoteGlobalIDString = FF48101D2772B44D00BBF7C7;
			remoteInfo = GLFW;
		};
		FF4811222772B78000BBF7C7 /* PBXContainerItemProxy */ = {
			isa = PBXContainerItemProxy;
			containerPortal = FFA82FF8276F97DE003F1EA0 /* Project object */;
			proxyType = 1;
			remoteGlobalIDString = FFA82FFF276F97DE003F1EA0;
			remoteInfo = MGL;
		};
		FF8F9181277E30F600A1E546 /* PBXContainerItemProxy */ = {
			isa = PBXContainerItemProxy;
			containerPortal = FFA82FF8276F97DE003F1EA0 /* Project object */;
			proxyType = 1;
			remoteGlobalIDString = FF8F9165277E309800A1E546;
			remoteInfo = "SPIRV-Tools";
		};
		FF8F9183277E30F800A1E546 /* PBXContainerItemProxy */ = {
			isa = PBXContainerItemProxy;
			containerPortal = FFA82FF8276F97DE003F1EA0 /* Project object */;
			proxyType = 1;
			remoteGlobalIDString = FF8F9173277E30D500A1E546;
			remoteInfo = "SPIRV-Cross";
		};
		FF8F9198277E318500A1E546 /* PBXContainerItemProxy */ = {
			isa = PBXContainerItemProxy;
			containerPortal = FFA82FF8276F97DE003F1EA0 /* Project object */;
			proxyType = 1;
			remoteGlobalIDString = FF8F918A277E312E00A1E546;
			remoteInfo = "SPIRV-Headers";
		};
		FF8F919A277E318A00A1E546 /* PBXContainerItemProxy */ = {
			isa = PBXContainerItemProxy;
			containerPortal = FFA82FF8276F97DE003F1EA0 /* Project object */;
			proxyType = 1;
			remoteGlobalIDString = FF8F918A277E312E00A1E546;
			remoteInfo = "SPIRV-Headers";
		};
		FF99BF8A2ADF3F89008AE33A /* PBXContainerItemProxy */ = {
			isa = PBXContainerItemProxy;
			containerPortal = FFA82FF8276F97DE003F1EA0 /* Project object */;
			proxyType = 1;
			remoteGlobalIDString = FF8F918A277E312E00A1E546;
			remoteInfo = "SPIRV-Headers";
		};
/* End PBXContainerItemProxy section */

/* Begin PBXCopyFilesBuildPhase section */
		FF7B784627714BE700C2028F /* CopyFiles */ = {
			isa = PBXCopyFilesBuildPhase;
			buildActionMask = 2147483647;
			dstPath = /usr/share/man/man1/;
			dstSubfolderSpec = 0;
			files = (
			);
			runOnlyForDeploymentPostprocessing = 1;
		};
		FFA8302A276F9CE4003F1EA0 /* CopyFiles */ = {
			isa = PBXCopyFilesBuildPhase;
			buildActionMask = 12;
			dstPath = "";
			dstSubfolderSpec = 16;
			files = (
				FFA83092277026C5003F1EA0 /* gl.xml in CopyFiles */,
			);
			runOnlyForDeploymentPostprocessing = 0;
		};
		FFA83042276F9EBE003F1EA0 /* CopyFiles */ = {
			isa = PBXCopyFilesBuildPhase;
			buildActionMask = 2147483647;
			dstPath = /usr/share/man/man1/;
			dstSubfolderSpec = 0;
			files = (
			);
			runOnlyForDeploymentPostprocessing = 1;
		};
/* End PBXCopyFilesBuildPhase section */

/* Begin PBXFileReference section */
		DFB50A8928ADD0020084D12B /* libspirv-cross-hlsl.a */ = {isa = PBXFileReference; lastKnownFileType = archive.ar; name = "libspirv-cross-hlsl.a"; path = "external/SPIRV-Cross/build/libspirv-cross-hlsl.a"; sourceTree = "<group>"; };
		DFB50A8A28ADD0020084D12B /* libspirv-cross-util.a */ = {isa = PBXFileReference; lastKnownFileType = archive.ar; name = "libspirv-cross-util.a"; path = "external/SPIRV-Cross/build/libspirv-cross-util.a"; sourceTree = "<group>"; };
		DFB50A8B28ADD0030084D12B /* libspirv-cross-core.a */ = {isa = PBXFileReference; lastKnownFileType = archive.ar; name = "libspirv-cross-core.a"; path = "external/SPIRV-Cross/build/libspirv-cross-core.a"; sourceTree = "<group>"; };
		DFB50A8C28ADD0030084D12B /* libspirv-cross-glsl.a */ = {isa = PBXFileReference; lastKnownFileType = archive.ar; name = "libspirv-cross-glsl.a"; path = "external/SPIRV-Cross/build/libspirv-cross-glsl.a"; sourceTree = "<group>"; };
		DFB50A8D28ADD0030084D12B /* libspirv-cross-c.a */ = {isa = PBXFileReference; lastKnownFileType = archive.ar; name = "libspirv-cross-c.a"; path = "external/SPIRV-Cross/build/libspirv-cross-c.a"; sourceTree = "<group>"; };
		DFB50A8E28ADD0030084D12B /* libspirv-cross-msl.a */ = {isa = PBXFileReference; lastKnownFileType = archive.ar; name = "libspirv-cross-msl.a"; path = "external/SPIRV-Cross/build/libspirv-cross-msl.a"; sourceTree = "<group>"; };
		DFB50A8F28ADD0030084D12B /* libspirv-cross-reflect.a */ = {isa = PBXFileReference; lastKnownFileType = archive.ar; name = "libspirv-cross-reflect.a"; path = "external/SPIRV-Cross/build/libspirv-cross-reflect.a"; sourceTree = "<group>"; };
		DFB50A9028ADD0030084D12B /* libspirv-cross-cpp.a */ = {isa = PBXFileReference; lastKnownFileType = archive.ar; name = "libspirv-cross-cpp.a"; path = "external/SPIRV-Cross/build/libspirv-cross-cpp.a"; sourceTree = "<group>"; };
		DFB50A9E28B09F1E0084D12B /* buffers.h */ = {isa = PBXFileReference; lastKnownFileType = sourcecode.c.h; path = buffers.h; sourceTree = "<group>"; };
		DFC728FA2894855E00990595 /* libSPIRV-Tools-shared.dylib */ = {isa = PBXFileReference; lastKnownFileType = "compiled.mach-o.dylib"; name = "libSPIRV-Tools-shared.dylib"; path = "external/SPIRV-Tools/build/source/libSPIRV-Tools-shared.dylib"; sourceTree = "<group>"; };
		DFC728FC289485A000990595 /* libSPIRV-Tools.a */ = {isa = PBXFileReference; lastKnownFileType = archive.ar; name = "libSPIRV-Tools.a"; path = "external/SPIRV-Tools/build/source/libSPIRV-Tools.a"; sourceTree = "<group>"; };
		DFC729002894933400990595 /* test_mgl_glfw.entitlements */ = {isa = PBXFileReference; lastKnownFileType = text.plist.entitlements; path = test_mgl_glfw.entitlements; sourceTree = SOURCE_ROOT; };
		FF33414B278BDD2000FDBD91 /* Fixed_ResourceLimits.h */ = {isa = PBXFileReference; fileEncoding = 4; lastKnownFileType = sourcecode.c.h; path = Fixed_ResourceLimits.h; sourceTree = "<group>"; };
		FF48101E2772B44D00BBF7C7 /* libGLFW.dylib */ = {isa = PBXFileReference; explicitFileType = "compiled.mach-o.dylib"; includeInIndex = 0; path = libGLFW.dylib; sourceTree = BUILT_PRODUCTS_DIR; };
		FF48102F2772B48900BBF7C7 /* glfw3.h */ = {isa = PBXFileReference; fileEncoding = 4; lastKnownFileType = sourcecode.c.h; path = glfw3.h; sourceTree = "<group>"; };
		FF4810302772B48900BBF7C7 /* glfw3native.h */ = {isa = PBXFileReference; fileEncoding = 4; lastKnownFileType = sourcecode.c.h; path = glfw3native.h; sourceTree = "<group>"; };
		FF4810322772B48900BBF7C7 /* mgl_context.m */ = {isa = PBXFileReference; fileEncoding = 4; lastKnownFileType = sourcecode.c.objc; path = mgl_context.m; sourceTree = "<group>"; };
		FF4810342772B48900BBF7C7 /* cocoa_joystick.m */ = {isa = PBXFileReference; fileEncoding = 4; lastKnownFileType = sourcecode.c.objc; path = cocoa_joystick.m; sourceTree = "<group>"; };
		FF4810372772B48900BBF7C7 /* monitor.c */ = {isa = PBXFileReference; fileEncoding = 4; lastKnownFileType = sourcecode.c.c; path = monitor.c; sourceTree = "<group>"; };
		FF4810382772B48900BBF7C7 /* cocoa_init.m */ = {isa = PBXFileReference; fileEncoding = 4; lastKnownFileType = sourcecode.c.objc; path = cocoa_init.m; sourceTree = "<group>"; };
		FF4810392772B48900BBF7C7 /* internal.h */ = {isa = PBXFileReference; fileEncoding = 4; lastKnownFileType = sourcecode.c.h; path = internal.h; sourceTree = "<group>"; };
		FF48103B2772B48900BBF7C7 /* null_init.c */ = {isa = PBXFileReference; fileEncoding = 4; lastKnownFileType = sourcecode.c.c; path = null_init.c; sourceTree = "<group>"; };
		FF4810402772B48900BBF7C7 /* null_joystick.c */ = {isa = PBXFileReference; fileEncoding = 4; lastKnownFileType = sourcecode.c.c; path = null_joystick.c; sourceTree = "<group>"; };
		FF4810432772B48900BBF7C7 /* init.c */ = {isa = PBXFileReference; fileEncoding = 4; lastKnownFileType = sourcecode.c.c; path = init.c; sourceTree = "<group>"; };
		FF48104F2772B48900BBF7C7 /* platform.c */ = {isa = PBXFileReference; fileEncoding = 4; lastKnownFileType = sourcecode.c.c; path = platform.c; sourceTree = "<group>"; };
		FF4810502772B48900BBF7C7 /* osmesa_context.c */ = {isa = PBXFileReference; fileEncoding = 4; lastKnownFileType = sourcecode.c.c; path = osmesa_context.c; sourceTree = "<group>"; };
		FF4810532772B48900BBF7C7 /* vulkan.c */ = {isa = PBXFileReference; fileEncoding = 4; lastKnownFileType = sourcecode.c.c; path = vulkan.c; sourceTree = "<group>"; };
		FF4810542772B48900BBF7C7 /* null_monitor.c */ = {isa = PBXFileReference; fileEncoding = 4; lastKnownFileType = sourcecode.c.c; path = null_monitor.c; sourceTree = "<group>"; };
		FF4810562772B48900BBF7C7 /* input.c */ = {isa = PBXFileReference; fileEncoding = 4; lastKnownFileType = sourcecode.c.c; path = input.c; sourceTree = "<group>"; };
		FF4810572772B48900BBF7C7 /* posix_thread.c */ = {isa = PBXFileReference; fileEncoding = 4; lastKnownFileType = sourcecode.c.c; path = posix_thread.c; sourceTree = "<group>"; };
		FF48105B2772B48900BBF7C7 /* null_window.c */ = {isa = PBXFileReference; fileEncoding = 4; lastKnownFileType = sourcecode.c.c; path = null_window.c; sourceTree = "<group>"; };
		FF48105D2772B48900BBF7C7 /* cocoa_window.m */ = {isa = PBXFileReference; fileEncoding = 4; lastKnownFileType = sourcecode.c.objc; path = cocoa_window.m; sourceTree = "<group>"; };
		FF48105E2772B48900BBF7C7 /* egl_context.c */ = {isa = PBXFileReference; fileEncoding = 4; lastKnownFileType = sourcecode.c.c; path = egl_context.c; sourceTree = "<group>"; };
		FF4810612772B48900BBF7C7 /* context.c */ = {isa = PBXFileReference; fileEncoding = 4; lastKnownFileType = sourcecode.c.c; path = context.c; sourceTree = "<group>"; };
		FF4810622772B48900BBF7C7 /* cocoa_time.c */ = {isa = PBXFileReference; fileEncoding = 4; lastKnownFileType = sourcecode.c.c; path = cocoa_time.c; sourceTree = "<group>"; };
		FF4810642772B48900BBF7C7 /* posix_module.c */ = {isa = PBXFileReference; fileEncoding = 4; lastKnownFileType = sourcecode.c.c; path = posix_module.c; sourceTree = "<group>"; };
		FF48106A2772B48900BBF7C7 /* platform.h */ = {isa = PBXFileReference; fileEncoding = 4; lastKnownFileType = sourcecode.c.h; path = platform.h; sourceTree = "<group>"; };
		FF48106D2772B48900BBF7C7 /* cocoa_monitor.m */ = {isa = PBXFileReference; fileEncoding = 4; lastKnownFileType = sourcecode.c.objc; path = cocoa_monitor.m; sourceTree = "<group>"; };
		FF48106E2772B48900BBF7C7 /* window.c */ = {isa = PBXFileReference; fileEncoding = 4; lastKnownFileType = sourcecode.c.c; path = window.c; sourceTree = "<group>"; };
		FF4811712776963E00BBF7C7 /* tex_param.c */ = {isa = PBXFileReference; lastKnownFileType = sourcecode.c.c; path = tex_param.c; sourceTree = "<group>"; };
		FF7B77A32771054F00C2028F /* ezxml.c */ = {isa = PBXFileReference; lastKnownFileType = sourcecode.c.c; path = ezxml.c; sourceTree = "<group>"; };
		FF7B77A42771054F00C2028F /* ezxml.h */ = {isa = PBXFileReference; lastKnownFileType = sourcecode.c.h; path = ezxml.h; sourceTree = "<group>"; };
		FF7B77E827710FE100C2028F /* wgl.h */ = {isa = PBXFileReference; fileEncoding = 4; lastKnownFileType = sourcecode.c.h; path = wgl.h; sourceTree = "<group>"; };
		FF7B77E927710FE100C2028F /* wglext.h */ = {isa = PBXFileReference; fileEncoding = 4; lastKnownFileType = sourcecode.c.h; path = wglext.h; sourceTree = "<group>"; };
		FF7B77EA27710FE100C2028F /* glext.h */ = {isa = PBXFileReference; fileEncoding = 4; lastKnownFileType = sourcecode.c.h; path = glext.h; sourceTree = "<group>"; };
		FF7B77EB27710FE100C2028F /* glxext.h */ = {isa = PBXFileReference; fileEncoding = 4; lastKnownFileType = sourcecode.c.h; path = glxext.h; sourceTree = "<group>"; };
		FF7B77EC27710FE100C2028F /* glcorearb.h */ = {isa = PBXFileReference; fileEncoding = 4; lastKnownFileType = sourcecode.c.h; path = glcorearb.h; sourceTree = "<group>"; };
		FF7B784827714BE700C2028F /* spec_parser */ = {isa = PBXFileReference; explicitFileType = "compiled.mach-o.executable"; includeInIndex = 0; path = spec_parser; sourceTree = BUILT_PRODUCTS_DIR; };
		FF7B784A27714BE700C2028F /* spec_parser.c */ = {isa = PBXFileReference; lastKnownFileType = sourcecode.c.c; path = spec_parser.c; sourceTree = "<group>"; };
		FF7B787B27717EDB00C2028F /* libSPIRV-Tools-shared.dylib */ = {isa = PBXFileReference; lastKnownFileType = "compiled.mach-o.dylib"; name = "libSPIRV-Tools-shared.dylib"; path = "../../../../usr/local/lib/libSPIRV-Tools-shared.dylib"; sourceTree = "<group>"; };
		FF7B787D27717EF700C2028F /* libspirv-cross-glsl.a */ = {isa = PBXFileReference; lastKnownFileType = archive.ar; name = "libspirv-cross-glsl.a"; path = "../../../../usr/local/lib/libspirv-cross-glsl.a"; sourceTree = "<group>"; };
		FF7B788727717F8200C2028F /* libglslang-default-resource-limits.a */ = {isa = PBXFileReference; lastKnownFileType = archive.ar; name = "libglslang-default-resource-limits.a"; path = "external/glslang/build/StandAlone/libglslang-default-resource-limits.a"; sourceTree = "<group>"; };
		FF7B788D27717FA400C2028F /* libGenericCodeGen.a */ = {isa = PBXFileReference; lastKnownFileType = archive.ar; name = libGenericCodeGen.a; path = external/glslang/build/glslang/libGenericCodeGen.a; sourceTree = "<group>"; };
		FF7B788E27717FA400C2028F /* libMachineIndependent.a */ = {isa = PBXFileReference; lastKnownFileType = archive.ar; name = libMachineIndependent.a; path = external/glslang/build/glslang/libMachineIndependent.a; sourceTree = "<group>"; };
		FF7B788F27717FA400C2028F /* libglslang.a */ = {isa = PBXFileReference; lastKnownFileType = archive.ar; name = libglslang.a; path = external/glslang/build/glslang/libglslang.a; sourceTree = "<group>"; };
		FF7B789D2771804500C2028F /* libSPVRemapper.a */ = {isa = PBXFileReference; lastKnownFileType = archive.ar; name = libSPVRemapper.a; path = external/glslang/build/SPIRV/libSPVRemapper.a; sourceTree = "<group>"; };
		FF7B789E2771804500C2028F /* libSPIRV.a */ = {isa = PBXFileReference; lastKnownFileType = archive.ar; name = libSPIRV.a; path = external/glslang/build/SPIRV/libSPIRV.a; sourceTree = "<group>"; };
		FF7B78A52771806C00C2028F /* libOSDependent.a */ = {isa = PBXFileReference; lastKnownFileType = archive.ar; name = libOSDependent.a; path = external/glslang/build/glslang/OSDependent/Unix/libOSDependent.a; sourceTree = "<group>"; };
		FF7B796C27725E8100C2028F /* libSPIRV-Tools-lint.a */ = {isa = PBXFileReference; lastKnownFileType = archive.ar; name = "libSPIRV-Tools-lint.a"; path = "../../../../usr/local/lib/libSPIRV-Tools-lint.a"; sourceTree = "<group>"; };
		FF7B796D27725E8100C2028F /* libspirv-cross-core.a */ = {isa = PBXFileReference; lastKnownFileType = archive.ar; name = "libspirv-cross-core.a"; path = "../../../../usr/local/lib/libspirv-cross-core.a"; sourceTree = "<group>"; };
		FF7B796E27725E8100C2028F /* libSPIRV-Tools-opt.a */ = {isa = PBXFileReference; lastKnownFileType = archive.ar; name = "libSPIRV-Tools-opt.a"; path = "../../../../usr/local/lib/libSPIRV-Tools-opt.a"; sourceTree = "<group>"; };
		FF7B796F27725E8100C2028F /* libSPIRV-Tools-link.a */ = {isa = PBXFileReference; lastKnownFileType = archive.ar; name = "libSPIRV-Tools-link.a"; path = "../../../../usr/local/lib/libSPIRV-Tools-link.a"; sourceTree = "<group>"; };
		FF7B797027725E8100C2028F /* libSPIRV-Tools.a */ = {isa = PBXFileReference; lastKnownFileType = archive.ar; name = "libSPIRV-Tools.a"; path = "../../../../usr/local/lib/libSPIRV-Tools.a"; sourceTree = "<group>"; };
		FF7B797127725E8100C2028F /* libspirv-cross-c.a */ = {isa = PBXFileReference; lastKnownFileType = archive.ar; name = "libspirv-cross-c.a"; path = "../../../../usr/local/lib/libspirv-cross-c.a"; sourceTree = "<group>"; };
		FF7B797227725E8100C2028F /* libspirv-cross-reflect.a */ = {isa = PBXFileReference; lastKnownFileType = archive.ar; name = "libspirv-cross-reflect.a"; path = "../../../../usr/local/lib/libspirv-cross-reflect.a"; sourceTree = "<group>"; };
		FF7B797327725E8100C2028F /* libSPIRV.a */ = {isa = PBXFileReference; lastKnownFileType = archive.ar; name = libSPIRV.a; path = ../../../../usr/local/lib/libSPIRV.a; sourceTree = "<group>"; };
		FF7B797427725E8100C2028F /* libspirv-cross-msl.a */ = {isa = PBXFileReference; lastKnownFileType = archive.ar; name = "libspirv-cross-msl.a"; path = "../../../../usr/local/lib/libspirv-cross-msl.a"; sourceTree = "<group>"; };
		FF7B797527725E8100C2028F /* libspirv-cross.a */ = {isa = PBXFileReference; lastKnownFileType = archive.ar; name = "libspirv-cross.a"; path = "../../../../usr/local/lib/libspirv-cross.a"; sourceTree = "<group>"; };
		FF7B797627725E8200C2028F /* libSPIRV-Tools-reduce.a */ = {isa = PBXFileReference; lastKnownFileType = archive.ar; name = "libSPIRV-Tools-reduce.a"; path = "../../../../usr/local/lib/libSPIRV-Tools-reduce.a"; sourceTree = "<group>"; };
		FF7B797727725E8200C2028F /* libspirv-cross-util.a */ = {isa = PBXFileReference; lastKnownFileType = archive.ar; name = "libspirv-cross-util.a"; path = "../../../../usr/local/lib/libspirv-cross-util.a"; sourceTree = "<group>"; };
		FF7B7A2B277284C500C2028F /* libglfw3.a */ = {isa = PBXFileReference; lastKnownFileType = archive.ar; name = libglfw3.a; path = ../../../../usr/local/lib/libglfw3.a; sourceTree = "<group>"; };
		FF7B7A412772895400C2028F /* Foundation.framework */ = {isa = PBXFileReference; lastKnownFileType = wrapper.framework; name = Foundation.framework; path = System/Library/Frameworks/Foundation.framework; sourceTree = SDKROOT; };
		FF7B7A472772896900C2028F /* Quartz.framework */ = {isa = PBXFileReference; lastKnownFileType = wrapper.framework; name = Quartz.framework; path = System/Library/Frameworks/Quartz.framework; sourceTree = SDKROOT; };
		FF7B7A4D2772897500C2028F /* QuartzCore.framework */ = {isa = PBXFileReference; lastKnownFileType = wrapper.framework; name = QuartzCore.framework; path = System/Library/Frameworks/QuartzCore.framework; sourceTree = SDKROOT; };
		FF7B7A532772898700C2028F /* IOKit.framework */ = {isa = PBXFileReference; lastKnownFileType = wrapper.framework; name = IOKit.framework; path = System/Library/Frameworks/IOKit.framework; sourceTree = SDKROOT; };
		FF7B7A592772899300C2028F /* CoreGraphics.framework */ = {isa = PBXFileReference; lastKnownFileType = wrapper.framework; name = CoreGraphics.framework; path = System/Library/Frameworks/CoreGraphics.framework; sourceTree = SDKROOT; };
		FF7B7A5F277289C500C2028F /* ApplicationServices.framework */ = {isa = PBXFileReference; lastKnownFileType = wrapper.framework; name = ApplicationServices.framework; path = System/Library/Frameworks/ApplicationServices.framework; sourceTree = SDKROOT; };
		FF7B7A6527728A0B00C2028F /* Cocoa.framework */ = {isa = PBXFileReference; lastKnownFileType = wrapper.framework; name = Cocoa.framework; path = System/Library/Frameworks/Cocoa.framework; sourceTree = SDKROOT; };
		FF7B7A8427728C1D00C2028F /* state.c */ = {isa = PBXFileReference; fileEncoding = 4; lastKnownFileType = sourcecode.c.c; path = state.c; sourceTree = "<group>"; };
		FF7B7A8527728C1D00C2028F /* MGLTextures.m */ = {isa = PBXFileReference; fileEncoding = 4; lastKnownFileType = sourcecode.c.objc; path = MGLTextures.m; sourceTree = "<group>"; };
		FF7B7A8627728C1D00C2028F /* program.c */ = {isa = PBXFileReference; fileEncoding = 4; lastKnownFileType = sourcecode.c.c; path = program.c; sourceTree = "<group>"; };
		FF7B7A8727728C1D00C2028F /* pixel_utils.c */ = {isa = PBXFileReference; fileEncoding = 4; lastKnownFileType = sourcecode.c.c; path = pixel_utils.c; sourceTree = "<group>"; };
		FF7B7A8827728C1D00C2028F /* get.c */ = {isa = PBXFileReference; fileEncoding = 4; lastKnownFileType = sourcecode.c.c; path = get.c; sourceTree = "<group>"; };
		FF7B7A8927728C1D00C2028F /* framebuffers.c */ = {isa = PBXFileReference; fileEncoding = 4; lastKnownFileType = sourcecode.c.c; path = framebuffers.c; sourceTree = "<group>"; };
		FF7B7A8A27728C1D00C2028F /* glm_params.c */ = {isa = PBXFileReference; fileEncoding = 4; lastKnownFileType = sourcecode.c.c; path = glm_params.c; sourceTree = "<group>"; };
		FF7B7A8B27728C1D00C2028F /* non_core_unimplemented.c */ = {isa = PBXFileReference; fileEncoding = 4; lastKnownFileType = sourcecode.c.c; path = non_core_unimplemented.c; sourceTree = "<group>"; };
		FF7B7A8C27728C1D00C2028F /* buffers.c */ = {isa = PBXFileReference; fileEncoding = 4; lastKnownFileType = sourcecode.c.c; path = buffers.c; sourceTree = "<group>"; };
		FF7B7A8D27728C1D00C2028F /* textures.c */ = {isa = PBXFileReference; fileEncoding = 4; lastKnownFileType = sourcecode.c.c; path = textures.c; sourceTree = "<group>"; };
		FF7B7A8E27728C1D00C2028F /* utils.c */ = {isa = PBXFileReference; fileEncoding = 4; lastKnownFileType = sourcecode.c.c; path = utils.c; sourceTree = "<group>"; };
		FF7B7A8F27728C1D00C2028F /* error.c */ = {isa = PBXFileReference; fileEncoding = 4; lastKnownFileType = sourcecode.c.c; path = error.c; sourceTree = "<group>"; };
		FF7B7A9027728C1D00C2028F /* draw_buffers.c */ = {isa = PBXFileReference; fileEncoding = 4; lastKnownFileType = sourcecode.c.c; path = draw_buffers.c; sourceTree = "<group>"; };
		FF7B7A9127728C1D00C2028F /* fence.c */ = {isa = PBXFileReference; fileEncoding = 4; lastKnownFileType = sourcecode.c.c; path = fence.c; sourceTree = "<group>"; };
		FF7B7A9227728C1D00C2028F /* vertex_arrays.c */ = {isa = PBXFileReference; fileEncoding = 4; lastKnownFileType = sourcecode.c.c; path = vertex_arrays.c; sourceTree = "<group>"; };
		FF7B7A9327728C1D00C2028F /* mgl_funcs_to_be_implemented.c */ = {isa = PBXFileReference; fileEncoding = 4; lastKnownFileType = sourcecode.c.c; path = mgl_funcs_to_be_implemented.c; sourceTree = "<group>"; };
		FF7B7A9427728C1D00C2028F /* rendering.c */ = {isa = PBXFileReference; fileEncoding = 4; lastKnownFileType = sourcecode.c.c; path = rendering.c; sourceTree = "<group>"; };
		FF7B7A9527728C1D00C2028F /* glm_context.c */ = {isa = PBXFileReference; fileEncoding = 4; lastKnownFileType = sourcecode.c.c; path = glm_context.c; sourceTree = "<group>"; };
		FF7B7A9627728C1D00C2028F /* hash_table.c */ = {isa = PBXFileReference; fileEncoding = 4; lastKnownFileType = sourcecode.c.c; path = hash_table.c; sourceTree = "<group>"; };
		FF7B7A9727728C1D00C2028F /* glm_dispatch.c */ = {isa = PBXFileReference; fileEncoding = 4; lastKnownFileType = sourcecode.c.c; path = glm_dispatch.c; sourceTree = "<group>"; };
		FF7B7A9827728C1D00C2028F /* shaders.c */ = {isa = PBXFileReference; fileEncoding = 4; lastKnownFileType = sourcecode.c.c; path = shaders.c; sourceTree = "<group>"; };
		FF7B7A9927728C1D00C2028F /* vertex_buffers.c */ = {isa = PBXFileReference; fileEncoding = 4; lastKnownFileType = sourcecode.c.c; path = vertex_buffers.c; sourceTree = "<group>"; };
		FF7B7A9A27728C1D00C2028F /* MGLRenderer.m */ = {isa = PBXFileReference; fileEncoding = 4; lastKnownFileType = sourcecode.c.objc; path = MGLRenderer.m; sourceTree = "<group>"; };
		FF7B7AB927728C3100C2028F /* error.h */ = {isa = PBXFileReference; fileEncoding = 4; lastKnownFileType = sourcecode.c.h; path = error.h; sourceTree = "<group>"; };
		FF7B7ABA27728C3100C2028F /* utils.h */ = {isa = PBXFileReference; fileEncoding = 4; lastKnownFileType = sourcecode.c.h; path = utils.h; sourceTree = "<group>"; };
		FF7B7ABB27728C3100C2028F /* gltypes.h */ = {isa = PBXFileReference; fileEncoding = 4; lastKnownFileType = sourcecode.c.h; path = gltypes.h; sourceTree = "<group>"; };
		FF7B7ABC27728C3100C2028F /* MGLRenderer.h */ = {isa = PBXFileReference; fileEncoding = 4; lastKnownFileType = sourcecode.c.h; path = MGLRenderer.h; sourceTree = "<group>"; };
		FF7B7ABD27728C3100C2028F /* shaders.h */ = {isa = PBXFileReference; fileEncoding = 4; lastKnownFileType = sourcecode.c.h; path = shaders.h; sourceTree = "<group>"; };
		FF7B7ABE27728C3100C2028F /* glm_context.h */ = {isa = PBXFileReference; fileEncoding = 4; lastKnownFileType = sourcecode.c.h; path = glm_context.h; sourceTree = "<group>"; };
		FF7B7ABF27728C3100C2028F /* glm_dispatch.h */ = {isa = PBXFileReference; fileEncoding = 4; lastKnownFileType = sourcecode.c.h; path = glm_dispatch.h; sourceTree = "<group>"; };
		FF7B7AC027728C3100C2028F /* hash_table.h */ = {isa = PBXFileReference; fileEncoding = 4; lastKnownFileType = sourcecode.c.h; path = hash_table.h; sourceTree = "<group>"; };
		FF7B7AC227728C3100C2028F /* enums.h */ = {isa = PBXFileReference; fileEncoding = 4; lastKnownFileType = sourcecode.c.h; path = enums.h; sourceTree = "<group>"; };
		FF7B7AC327728C3100C2028F /* MGLContext.h */ = {isa = PBXFileReference; fileEncoding = 4; lastKnownFileType = sourcecode.c.h; path = MGLContext.h; sourceTree = "<group>"; };
		FF7B7AC427728C3100C2028F /* mgl.h */ = {isa = PBXFileReference; fileEncoding = 4; lastKnownFileType = sourcecode.c.h; path = mgl.h; sourceTree = "<group>"; };
		FF7B7AC527728C3100C2028F /* pixel_utils.h */ = {isa = PBXFileReference; fileEncoding = 4; lastKnownFileType = sourcecode.c.h; path = pixel_utils.h; sourceTree = "<group>"; };
		FF7B7AC627728C3100C2028F /* glcorearb.h */ = {isa = PBXFileReference; fileEncoding = 4; lastKnownFileType = sourcecode.c.h; path = glcorearb.h; sourceTree = "<group>"; };
		FF7B7AC727728C3100C2028F /* glm_params.h */ = {isa = PBXFileReference; fileEncoding = 4; lastKnownFileType = sourcecode.c.h; path = glm_params.h; sourceTree = "<group>"; };
		FF7B7AC827728C3100C2028F /* glm_limits.h */ = {isa = PBXFileReference; fileEncoding = 4; lastKnownFileType = sourcecode.c.h; path = glm_limits.h; sourceTree = "<group>"; };
		FF7B7AF6277290EB00C2028F /* gl_core.c */ = {isa = PBXFileReference; lastKnownFileType = sourcecode.c.c; path = gl_core.c; sourceTree = "<group>"; };
		FF86AEA92794DD0A00C51A88 /* README.md */ = {isa = PBXFileReference; fileEncoding = 4; lastKnownFileType = net.daringfireball.markdown; path = README.md; sourceTree = "<group>"; };
		FF8F91A72780FBBD00A1E546 /* samplers.c */ = {isa = PBXFileReference; lastKnownFileType = sourcecode.c.c; path = samplers.c; sourceTree = "<group>"; };
		FF99BF6A2ADE117A008AE33A /* spirv_cross_c.cpp */ = {isa = PBXFileReference; fileEncoding = 4; lastKnownFileType = sourcecode.cpp.cpp; name = spirv_cross_c.cpp; path = "external/SPIRV-Cross/spirv_cross_c.cpp"; sourceTree = SOURCE_ROOT; };
		FF99BF6C2ADF27ED008AE33A /* vertex_arrays.h */ = {isa = PBXFileReference; lastKnownFileType = sourcecode.c.h; path = vertex_arrays.h; sourceTree = "<group>"; };
		FF99BF722ADF304A008AE33A /* libglslang-default-resource-limits.a */ = {isa = PBXFileReference; lastKnownFileType = archive.ar; name = "libglslang-default-resource-limits.a"; path = "external/glslang/build/glslang/libglslang-default-resource-limits.a"; sourceTree = "<group>"; };
		FF99BF742ADF30E0008AE33A /* libSPIRV-Tools-diff.a */ = {isa = PBXFileReference; lastKnownFileType = archive.ar; name = "libSPIRV-Tools-diff.a"; path = "external/SPIRV-Tools/build/source/diff/libSPIRV-Tools-diff.a"; sourceTree = "<group>"; };
		FF99BF752ADF30E0008AE33A /* libSPIRV-Tools-lint.a */ = {isa = PBXFileReference; lastKnownFileType = archive.ar; name = "libSPIRV-Tools-lint.a"; path = "external/SPIRV-Tools/build/source/lint/libSPIRV-Tools-lint.a"; sourceTree = "<group>"; };
		FF99BF762ADF30E0008AE33A /* libSPIRV-Tools-opt.a */ = {isa = PBXFileReference; lastKnownFileType = archive.ar; name = "libSPIRV-Tools-opt.a"; path = "external/SPIRV-Tools/build/source/opt/libSPIRV-Tools-opt.a"; sourceTree = "<group>"; };
		FF99BF772ADF30E0008AE33A /* libSPIRV-Tools-link.a */ = {isa = PBXFileReference; lastKnownFileType = archive.ar; name = "libSPIRV-Tools-link.a"; path = "external/SPIRV-Tools/build/source/link/libSPIRV-Tools-link.a"; sourceTree = "<group>"; };
		FF99BF782ADF30E0008AE33A /* libSPIRV-Tools-reduce.a */ = {isa = PBXFileReference; lastKnownFileType = archive.ar; name = "libSPIRV-Tools-reduce.a"; path = "external/SPIRV-Tools/build/source/reduce/libSPIRV-Tools-reduce.a"; sourceTree = "<group>"; };
		FF99BF852ADF3145008AE33A /* libglfw3.a */ = {isa = PBXFileReference; lastKnownFileType = archive.ar; name = libglfw3.a; path = external/glfw/build/src/libglfw3.a; sourceTree = "<group>"; };
		FFA1EB702782851500EEE5AD /* compute.c */ = {isa = PBXFileReference; lastKnownFileType = sourcecode.c.c; path = compute.c; sourceTree = "<group>"; };
		FFA83000276F97DE003F1EA0 /* libMGL.dylib */ = {isa = PBXFileReference; explicitFileType = "compiled.mach-o.dylib"; includeInIndex = 0; path = libMGL.dylib; sourceTree = BUILT_PRODUCTS_DIR; };
		FFA8302C276F9CE4003F1EA0 /* enum_parser */ = {isa = PBXFileReference; explicitFileType = "compiled.mach-o.executable"; includeInIndex = 0; path = enum_parser; sourceTree = BUILT_PRODUCTS_DIR; };
		FFA83037276F9D10003F1EA0 /* enum_parser.c */ = {isa = PBXFileReference; fileEncoding = 4; lastKnownFileType = sourcecode.c.c; path = enum_parser.c; sourceTree = "<group>"; };
		FFA83044276F9EBE003F1EA0 /* test_mgl_glfw */ = {isa = PBXFileReference; explicitFileType = "compiled.mach-o.executable"; includeInIndex = 0; path = test_mgl_glfw; sourceTree = BUILT_PRODUCTS_DIR; };
		FFA83046276F9EBF003F1EA0 /* main.cpp */ = {isa = PBXFileReference; lastKnownFileType = sourcecode.cpp.cpp; path = main.cpp; sourceTree = "<group>"; };
		FFA83091277026B6003F1EA0 /* gl.xml */ = {isa = PBXFileReference; fileEncoding = 4; lastKnownFileType = text.xml; name = gl.xml; path = "external/OpenGL-Registry/xml/gl.xml"; sourceTree = SOURCE_ROOT; };
		FFFA8F4F278D038F002505EF /* cocoa_time.h */ = {isa = PBXFileReference; fileEncoding = 4; lastKnownFileType = sourcecode.c.h; path = cocoa_time.h; sourceTree = "<group>"; };
		FFFA8F50278D038F002505EF /* cocoa_platform.h */ = {isa = PBXFileReference; fileEncoding = 4; lastKnownFileType = sourcecode.c.h; path = cocoa_platform.h; sourceTree = "<group>"; };
		FFFA8F51278D038F002505EF /* cocoa_joystick.h */ = {isa = PBXFileReference; fileEncoding = 4; lastKnownFileType = sourcecode.c.h; path = cocoa_joystick.h; sourceTree = "<group>"; };
/* End PBXFileReference section */

/* Begin PBXFrameworksBuildPhase section */
		FF48101C2772B44D00BBF7C7 /* Frameworks */ = {
			isa = PBXFrameworksBuildPhase;
			buildActionMask = 2147483647;
			files = (
				FF4811192772B76600BBF7C7 /* libMGL.dylib in Frameworks */,
			);
			runOnlyForDeploymentPostprocessing = 0;
		};
		FF7B784527714BE700C2028F /* Frameworks */ = {
			isa = PBXFrameworksBuildPhase;
			buildActionMask = 2147483647;
			files = (
			);
			runOnlyForDeploymentPostprocessing = 0;
		};
		FFA82FFE276F97DE003F1EA0 /* Frameworks */ = {
			isa = PBXFrameworksBuildPhase;
			buildActionMask = 2147483647;
			files = (
				FF99BF882ADF3248008AE33A /* libSPVRemapper.a in Frameworks */,
				FF99BF892ADF3248008AE33A /* libSPIRV.a in Frameworks */,
				FF99BF872ADF320E008AE33A /* libglslang-default-resource-limits.a in Frameworks */,
				FF99BF862ADF3145008AE33A /* libglfw3.a in Frameworks */,
				FF99BF7E2ADF311B008AE33A /* libspirv-cross-c.a in Frameworks */,
				FF99BF7F2ADF311B008AE33A /* libspirv-cross-msl.a in Frameworks */,
				FF99BF802ADF311B008AE33A /* libspirv-cross-glsl.a in Frameworks */,
				FF99BF812ADF311B008AE33A /* libspirv-cross-core.a in Frameworks */,
				FF99BF822ADF311B008AE33A /* libspirv-cross-reflect.a in Frameworks */,
				FF99BF832ADF311B008AE33A /* libspirv-cross-cpp.a in Frameworks */,
				FF99BF842ADF311B008AE33A /* libspirv-cross-util.a in Frameworks */,
				FF99BF792ADF30E0008AE33A /* libSPIRV-Tools-diff.a in Frameworks */,
				FF99BF7A2ADF30E0008AE33A /* libSPIRV-Tools-lint.a in Frameworks */,
				FF99BF7B2ADF30E0008AE33A /* libSPIRV-Tools-opt.a in Frameworks */,
				FF99BF7C2ADF30E0008AE33A /* libSPIRV-Tools-link.a in Frameworks */,
				FF99BF7D2ADF30E0008AE33A /* libSPIRV-Tools-reduce.a in Frameworks */,
				FF99BF732ADF30E0008AE33A /* libSPIRV-Tools.a in Frameworks */,
				FF99BF702ADF304A008AE33A /* libGenericCodeGen.a in Frameworks */,
				FF99BF6F2ADF304A008AE33A /* libMachineIndependent.a in Frameworks */,
				FF99BF6E2ADF304A008AE33A /* libglslang.a in Frameworks */,
				FF99BF712ADF304A008AE33A /* libOSDependent.a in Frameworks */,
			);
			runOnlyForDeploymentPostprocessing = 0;
		};
		FFA83029276F9CE4003F1EA0 /* Frameworks */ = {
			isa = PBXFrameworksBuildPhase;
			buildActionMask = 2147483647;
			files = (
			);
			runOnlyForDeploymentPostprocessing = 0;
		};
		FFA83041276F9EBE003F1EA0 /* Frameworks */ = {
			isa = PBXFrameworksBuildPhase;
			buildActionMask = 2147483647;
			files = (
				FF48111F2772B77700BBF7C7 /* libGLFW.dylib in Frameworks */,
				FF4810152772B23400BBF7C7 /* libMGL.dylib in Frameworks */,
				FF7B7A6627728A0B00C2028F /* Cocoa.framework in Frameworks */,
				FF7B7A542772898700C2028F /* IOKit.framework in Frameworks */,
				FF7B7A4E2772897500C2028F /* QuartzCore.framework in Frameworks */,
				FF7B7A422772895400C2028F /* Foundation.framework in Frameworks */,
			);
			runOnlyForDeploymentPostprocessing = 0;
		};
/* End PBXFrameworksBuildPhase section */

/* Begin PBXGroup section */
		FF48102C2772B45A00BBF7C7 /* GLFW */ = {
			isa = PBXGroup;
			children = (
				FF48102D2772B48900BBF7C7 /* include */,
				FF4810312772B48900BBF7C7 /* src */,
			);
			path = GLFW;
			sourceTree = "<group>";
		};
		FF48102D2772B48900BBF7C7 /* include */ = {
			isa = PBXGroup;
			children = (
				FF48102E2772B48900BBF7C7 /* GLFW */,
			);
			name = include;
			path = external/glfw/include;
			sourceTree = SOURCE_ROOT;
		};
		FF48102E2772B48900BBF7C7 /* GLFW */ = {
			isa = PBXGroup;
			children = (
				FF48102F2772B48900BBF7C7 /* glfw3.h */,
				FF4810302772B48900BBF7C7 /* glfw3native.h */,
			);
			path = GLFW;
			sourceTree = "<group>";
		};
		FF4810312772B48900BBF7C7 /* src */ = {
			isa = PBXGroup;
			children = (
				FFFA8F51278D038F002505EF /* cocoa_joystick.h */,
				FFFA8F50278D038F002505EF /* cocoa_platform.h */,
				FFFA8F4F278D038F002505EF /* cocoa_time.h */,
				FF4810322772B48900BBF7C7 /* mgl_context.m */,
				FF4810392772B48900BBF7C7 /* internal.h */,
				FF4810372772B48900BBF7C7 /* monitor.c */,
				FF4810432772B48900BBF7C7 /* init.c */,
				FF4810612772B48900BBF7C7 /* context.c */,
				FF4810562772B48900BBF7C7 /* input.c */,
				FF48104F2772B48900BBF7C7 /* platform.c */,
				FF4810572772B48900BBF7C7 /* posix_thread.c */,
				FF4810642772B48900BBF7C7 /* posix_module.c */,
				FF48103B2772B48900BBF7C7 /* null_init.c */,
				FF4810402772B48900BBF7C7 /* null_joystick.c */,
				FF4810542772B48900BBF7C7 /* null_monitor.c */,
				FF48105B2772B48900BBF7C7 /* null_window.c */,
				FF4810342772B48900BBF7C7 /* cocoa_joystick.m */,
				FF4810382772B48900BBF7C7 /* cocoa_init.m */,
				FF48106D2772B48900BBF7C7 /* cocoa_monitor.m */,
				FF4810622772B48900BBF7C7 /* cocoa_time.c */,
				FF48105D2772B48900BBF7C7 /* cocoa_window.m */,
				FF4810502772B48900BBF7C7 /* osmesa_context.c */,
				FF4810532772B48900BBF7C7 /* vulkan.c */,
				FF48105E2772B48900BBF7C7 /* egl_context.c */,
				FF48106A2772B48900BBF7C7 /* platform.h */,
				FF48106E2772B48900BBF7C7 /* window.c */,
			);
			name = src;
			path = external/glfw/src;
			sourceTree = SOURCE_ROOT;
		};
		FF7B77E727710FE100C2028F /* GL */ = {
			isa = PBXGroup;
			children = (
				FF7B77E827710FE100C2028F /* wgl.h */,
				FF7B77E927710FE100C2028F /* wglext.h */,
				FF7B77EA27710FE100C2028F /* glext.h */,
				FF7B77EB27710FE100C2028F /* glxext.h */,
				FF7B77EC27710FE100C2028F /* glcorearb.h */,
			);
			name = GL;
			path = "external/OpenGL-Registry/api/GL";
			sourceTree = "<group>";
		};
		FF7B784927714BE700C2028F /* spec_parser */ = {
			isa = PBXGroup;
			children = (
				FF7B784A27714BE700C2028F /* spec_parser.c */,
			);
			path = spec_parser;
			sourceTree = "<group>";
		};
		FF7B7A8127728C1D00C2028F /* src */ = {
			isa = PBXGroup;
			children = (
				FF7B7AF6277290EB00C2028F /* gl_core.c */,
				FF7B7A9327728C1D00C2028F /* mgl_funcs_to_be_implemented.c */,
				FF7B7A8B27728C1D00C2028F /* non_core_unimplemented.c */,
				FF7B7A8727728C1D00C2028F /* pixel_utils.c */,
				FF7B7A8A27728C1D00C2028F /* glm_params.c */,
				FF7B7A9727728C1D00C2028F /* glm_dispatch.c */,
				FF7B7A9527728C1D00C2028F /* glm_context.c */,
				FF7B7A8E27728C1D00C2028F /* utils.c */,
				FF7B7A8F27728C1D00C2028F /* error.c */,
				FF7B7A8827728C1D00C2028F /* get.c */,
				FFA1EB702782851500EEE5AD /* compute.c */,
				FF7B7A8427728C1D00C2028F /* state.c */,
				FF7B7A9127728C1D00C2028F /* fence.c */,
				FF7B7A8C27728C1D00C2028F /* buffers.c */,
				DFB50A9E28B09F1E0084D12B /* buffers.h */,
				FF4811712776963E00BBF7C7 /* tex_param.c */,
				FF7B7A8D27728C1D00C2028F /* textures.c */,
				FF8F91A72780FBBD00A1E546 /* samplers.c */,
				FF7B7A9827728C1D00C2028F /* shaders.c */,
				FF7B7A8627728C1D00C2028F /* program.c */,
				FF99BF6C2ADF27ED008AE33A /* vertex_arrays.h */,
				FF7B7A9227728C1D00C2028F /* vertex_arrays.c */,
				FF7B7A9927728C1D00C2028F /* vertex_buffers.c */,
				FF7B7A9027728C1D00C2028F /* draw_buffers.c */,
				FF7B7A9427728C1D00C2028F /* rendering.c */,
				FF7B7A8927728C1D00C2028F /* framebuffers.c */,
				FF7B7A9627728C1D00C2028F /* hash_table.c */,
				FF7B7A8527728C1D00C2028F /* MGLTextures.m */,
				FF7B7A9A27728C1D00C2028F /* MGLRenderer.m */,
			);
			path = src;
			sourceTree = "<group>";
		};
		FF7B7AB827728C3100C2028F /* include */ = {
			isa = PBXGroup;
			children = (
				FF33414B278BDD2000FDBD91 /* Fixed_ResourceLimits.h */,
				FF7B7AB927728C3100C2028F /* error.h */,
				FF7B7ABA27728C3100C2028F /* utils.h */,
				FF7B7ABB27728C3100C2028F /* gltypes.h */,
				FF7B7ABD27728C3100C2028F /* shaders.h */,
				FF7B7ABE27728C3100C2028F /* glm_context.h */,
				FF7B7ABF27728C3100C2028F /* glm_dispatch.h */,
				FF7B7AC027728C3100C2028F /* hash_table.h */,
				FF7B7AC227728C3100C2028F /* enums.h */,
				FF7B7AC427728C3100C2028F /* mgl.h */,
				FF7B7AC527728C3100C2028F /* pixel_utils.h */,
				FF7B7AC627728C3100C2028F /* glcorearb.h */,
				FF7B7AC727728C3100C2028F /* glm_params.h */,
				FF7B7AC827728C3100C2028F /* glm_limits.h */,
				FF7B7AC327728C3100C2028F /* MGLContext.h */,
				FF7B7ABC27728C3100C2028F /* MGLRenderer.h */,
			);
			path = include;
			sourceTree = "<group>";
		};
		FFA82FF7276F97DE003F1EA0 = {
			isa = PBXGroup;
			children = (
				FF86AEA92794DD0A00C51A88 /* README.md */,
				FF48102C2772B45A00BBF7C7 /* GLFW */,
				FF7B77E727710FE100C2028F /* GL */,
				FF7B784927714BE700C2028F /* spec_parser */,
				FFA8302D276F9CE4003F1EA0 /* enum_parser */,
				FFA83035276F9CEF003F1EA0 /* MGL */,
				FFA83045276F9EBF003F1EA0 /* test_mgl_glfw */,
				FFA83001276F97DE003F1EA0 /* Products */,
				FFA83096277026E1003F1EA0 /* Frameworks */,
			);
			sourceTree = "<group>";
		};
		FFA83001276F97DE003F1EA0 /* Products */ = {
			isa = PBXGroup;
			children = (
				FFA83000276F97DE003F1EA0 /* libMGL.dylib */,
				FFA8302C276F9CE4003F1EA0 /* enum_parser */,
				FFA83044276F9EBE003F1EA0 /* test_mgl_glfw */,
				FF7B784827714BE700C2028F /* spec_parser */,
				FF48101E2772B44D00BBF7C7 /* libGLFW.dylib */,
			);
			name = Products;
			sourceTree = "<group>";
		};
		FFA8302D276F9CE4003F1EA0 /* enum_parser */ = {
			isa = PBXGroup;
			children = (
				FFA83091277026B6003F1EA0 /* gl.xml */,
				FF7B77A42771054F00C2028F /* ezxml.h */,
				FF7B77A32771054F00C2028F /* ezxml.c */,
				FFA83037276F9D10003F1EA0 /* enum_parser.c */,
			);
			path = enum_parser;
			sourceTree = "<group>";
		};
		FFA83035276F9CEF003F1EA0 /* MGL */ = {
			isa = PBXGroup;
			children = (
				FF99BF6A2ADE117A008AE33A /* spirv_cross_c.cpp */,
				FF7B7AB827728C3100C2028F /* include */,
				FF7B7A8127728C1D00C2028F /* src */,
			);
			path = MGL;
			sourceTree = "<group>";
		};
		FFA83045276F9EBF003F1EA0 /* test_mgl_glfw */ = {
			isa = PBXGroup;
			children = (
				DFC729002894933400990595 /* test_mgl_glfw.entitlements */,
				FFA83046276F9EBF003F1EA0 /* main.cpp */,
			);
			name = test_mgl_glfw;
			path = test_mgl;
			sourceTree = "<group>";
		};
		FFA83096277026E1003F1EA0 /* Frameworks */ = {
			isa = PBXGroup;
			children = (
				FF99BF852ADF3145008AE33A /* libglfw3.a */,
				FF99BF742ADF30E0008AE33A /* libSPIRV-Tools-diff.a */,
				FF99BF772ADF30E0008AE33A /* libSPIRV-Tools-link.a */,
				FF99BF752ADF30E0008AE33A /* libSPIRV-Tools-lint.a */,
				FF99BF762ADF30E0008AE33A /* libSPIRV-Tools-opt.a */,
				FF99BF782ADF30E0008AE33A /* libSPIRV-Tools-reduce.a */,
				FF99BF722ADF304A008AE33A /* libglslang-default-resource-limits.a */,
				DFB50A8D28ADD0030084D12B /* libspirv-cross-c.a */,
				DFB50A8B28ADD0030084D12B /* libspirv-cross-core.a */,
				DFB50A9028ADD0030084D12B /* libspirv-cross-cpp.a */,
				DFB50A8C28ADD0030084D12B /* libspirv-cross-glsl.a */,
				DFB50A8928ADD0020084D12B /* libspirv-cross-hlsl.a */,
				DFB50A8E28ADD0030084D12B /* libspirv-cross-msl.a */,
				DFB50A8F28ADD0030084D12B /* libspirv-cross-reflect.a */,
				DFB50A8A28ADD0020084D12B /* libspirv-cross-util.a */,
				DFC728FC289485A000990595 /* libSPIRV-Tools.a */,
				DFC728FA2894855E00990595 /* libSPIRV-Tools-shared.dylib */,
				FF7B7A6527728A0B00C2028F /* Cocoa.framework */,
				FF7B7A5F277289C500C2028F /* ApplicationServices.framework */,
				FF7B7A592772899300C2028F /* CoreGraphics.framework */,
				FF7B7A532772898700C2028F /* IOKit.framework */,
				FF7B7A4D2772897500C2028F /* QuartzCore.framework */,
				FF7B7A472772896900C2028F /* Quartz.framework */,
				FF7B7A412772895400C2028F /* Foundation.framework */,
				FF7B787B27717EDB00C2028F /* libSPIRV-Tools-shared.dylib */,
				FF7B7A2B277284C500C2028F /* libglfw3.a */,
				FF7B797127725E8100C2028F /* libspirv-cross-c.a */,
				FF7B796D27725E8100C2028F /* libspirv-cross-core.a */,
				FF7B797427725E8100C2028F /* libspirv-cross-msl.a */,
				FF7B797227725E8100C2028F /* libspirv-cross-reflect.a */,
				FF7B797727725E8200C2028F /* libspirv-cross-util.a */,
				FF7B797527725E8100C2028F /* libspirv-cross.a */,
				FF7B796F27725E8100C2028F /* libSPIRV-Tools-link.a */,
				FF7B796C27725E8100C2028F /* libSPIRV-Tools-lint.a */,
				FF7B796E27725E8100C2028F /* libSPIRV-Tools-opt.a */,
				FF7B797627725E8200C2028F /* libSPIRV-Tools-reduce.a */,
				FF7B797027725E8100C2028F /* libSPIRV-Tools.a */,
				FF7B797327725E8100C2028F /* libSPIRV.a */,
				FF7B78A52771806C00C2028F /* libOSDependent.a */,
				FF7B789E2771804500C2028F /* libSPIRV.a */,
				FF7B789D2771804500C2028F /* libSPVRemapper.a */,
				FF7B788D27717FA400C2028F /* libGenericCodeGen.a */,
				FF7B788F27717FA400C2028F /* libglslang.a */,
				FF7B788E27717FA400C2028F /* libMachineIndependent.a */,
				FF7B788727717F8200C2028F /* libglslang-default-resource-limits.a */,
				FF7B787D27717EF700C2028F /* libspirv-cross-glsl.a */,
			);
			name = Frameworks;
			sourceTree = "<group>";
		};
/* End PBXGroup section */

/* Begin PBXHeadersBuildPhase section */
		FF48101A2772B44D00BBF7C7 /* Headers */ = {
			isa = PBXHeadersBuildPhase;
			buildActionMask = 2147483647;
			files = (
				FF4810A62772B48900BBF7C7 /* platform.h in Headers */,
				FF48106F2772B48900BBF7C7 /* glfw3.h in Headers */,
				FFFA8F52278D038F002505EF /* cocoa_time.h in Headers */,
				FFFA8F54278D038F002505EF /* cocoa_joystick.h in Headers */,
				FF4810702772B48900BBF7C7 /* glfw3native.h in Headers */,
				FF4810782772B48900BBF7C7 /* internal.h in Headers */,
				FFFA8F53278D038F002505EF /* cocoa_platform.h in Headers */,
			);
			runOnlyForDeploymentPostprocessing = 0;
		};
		FFA82FFC276F97DE003F1EA0 /* Headers */ = {
			isa = PBXHeadersBuildPhase;
			buildActionMask = 2147483647;
			files = (
				FF7B7ACB27728C3100C2028F /* gltypes.h in Headers */,
				FF7B7AD227728C3100C2028F /* enums.h in Headers */,
				FF99BF6D2ADF27ED008AE33A /* vertex_arrays.h in Headers */,
				FF7B7ACF27728C3100C2028F /* glm_dispatch.h in Headers */,
				FF7B7AD827728C3200C2028F /* glm_limits.h in Headers */,
				FF7B7AD527728C3200C2028F /* pixel_utils.h in Headers */,
				FF7B7AD427728C3200C2028F /* mgl.h in Headers */,
				FF7B7AD727728C3200C2028F /* glm_params.h in Headers */,
				FF7B7AD627728C3200C2028F /* glcorearb.h in Headers */,
				FF7B7AD327728C3200C2028F /* MGLContext.h in Headers */,
				FF7B7ACA27728C3100C2028F /* utils.h in Headers */,
				FF7B7ACC27728C3100C2028F /* MGLRenderer.h in Headers */,
				FF33414C278BDD2000FDBD91 /* Fixed_ResourceLimits.h in Headers */,
				FF7B7AC927728C3100C2028F /* error.h in Headers */,
				FF7B7AD027728C3100C2028F /* hash_table.h in Headers */,
				FF7B7ACD27728C3100C2028F /* shaders.h in Headers */,
				FF7B7ACE27728C3100C2028F /* glm_context.h in Headers */,
			);
			runOnlyForDeploymentPostprocessing = 0;
		};
/* End PBXHeadersBuildPhase section */

/* Begin PBXLegacyTarget section */
		FF8F9165277E309800A1E546 /* SPIRV-Tools */ = {
			isa = PBXLegacyTarget;
			buildArgumentsString = "$(SRCROOT)/external/xcbuild-SPIRV-Tools.sh";
			buildConfigurationList = FF8F9168277E309900A1E546 /* Build configuration list for PBXLegacyTarget "SPIRV-Tools" */;
			buildPhases = (
			);
			buildToolPath = sh;
			buildWorkingDirectory = "$(SRCROOT)/external/";
			dependencies = (
				FF8F9199277E318500A1E546 /* PBXTargetDependency */,
			);
			name = "SPIRV-Tools";
			passBuildSettingsInEnvironment = 1;
			productName = "SPIRV-Tools";
		};
		FF8F9173277E30D500A1E546 /* SPIRV-Cross */ = {
			isa = PBXLegacyTarget;
			buildArgumentsString = "$(SRCROOT)/external/xcbuild-SPIRV-Cross.sh";
			buildConfigurationList = FF8F9174277E30D500A1E546 /* Build configuration list for PBXLegacyTarget "SPIRV-Cross" */;
			buildPhases = (
			);
			buildToolPath = sh;
			buildWorkingDirectory = "$(SRCROOT)/external/";
			dependencies = (
				FF8F919B277E318A00A1E546 /* PBXTargetDependency */,
			);
			name = "SPIRV-Cross";
			passBuildSettingsInEnvironment = 1;
			productName = "SPIRV-Cross";
		};
		FF8F918A277E312E00A1E546 /* SPIRV-Headers */ = {
			isa = PBXLegacyTarget;
			buildArgumentsString = "$(SRCROOT)/external/xcbuild-SPIRV-Headers.sh";
			buildConfigurationList = FF8F918B277E312E00A1E546 /* Build configuration list for PBXLegacyTarget "SPIRV-Headers" */;
			buildPhases = (
			);
			buildToolPath = sh;
			buildWorkingDirectory = "$(SRCROOT)/external/";
			dependencies = (
			);
			name = "SPIRV-Headers";
			passBuildSettingsInEnvironment = 1;
			productName = "SPIRV-Headers";
		};
/* End PBXLegacyTarget section */

/* Begin PBXNativeTarget section */
		FF48101D2772B44D00BBF7C7 /* GLFW */ = {
			isa = PBXNativeTarget;
			buildConfigurationList = FF48101F2772B44D00BBF7C7 /* Build configuration list for PBXNativeTarget "GLFW" */;
			buildPhases = (
				FF48101A2772B44D00BBF7C7 /* Headers */,
				FF48101B2772B44D00BBF7C7 /* Sources */,
				FF48101C2772B44D00BBF7C7 /* Frameworks */,
			);
			buildRules = (
			);
			dependencies = (
				FF4811232772B78000BBF7C7 /* PBXTargetDependency */,
			);
			name = GLFW;
			productName = GLFW;
			productReference = FF48101E2772B44D00BBF7C7 /* libGLFW.dylib */;
			productType = "com.apple.product-type.library.dynamic";
		};
		FF7B784727714BE700C2028F /* spec_parser */ = {
			isa = PBXNativeTarget;
			buildConfigurationList = FF7B784C27714BE700C2028F /* Build configuration list for PBXNativeTarget "spec_parser" */;
			buildPhases = (
				FF7B784427714BE700C2028F /* Sources */,
				FF7B784527714BE700C2028F /* Frameworks */,
				FF7B784627714BE700C2028F /* CopyFiles */,
			);
			buildRules = (
			);
			dependencies = (
			);
			name = spec_parser;
			productName = spec_parser;
			productReference = FF7B784827714BE700C2028F /* spec_parser */;
			productType = "com.apple.product-type.tool";
		};
		FFA82FFF276F97DE003F1EA0 /* MGL */ = {
			isa = PBXNativeTarget;
			buildConfigurationList = FFA83004276F97DE003F1EA0 /* Build configuration list for PBXNativeTarget "MGL" */;
			buildPhases = (
				FFA82FFC276F97DE003F1EA0 /* Headers */,
				FFA82FFD276F97DE003F1EA0 /* Sources */,
				FFA82FFE276F97DE003F1EA0 /* Frameworks */,
			);
			buildRules = (
			);
			dependencies = (
				FF99BF8B2ADF3F89008AE33A /* PBXTargetDependency */,
				FF8F9182277E30F600A1E546 /* PBXTargetDependency */,
				FF8F9184277E30F800A1E546 /* PBXTargetDependency */,
			);
			name = MGL;
			productName = MGL;
			productReference = FFA83000276F97DE003F1EA0 /* libMGL.dylib */;
			productType = "com.apple.product-type.library.dynamic";
		};
		FFA8302B276F9CE4003F1EA0 /* enum_parser */ = {
			isa = PBXNativeTarget;
			buildConfigurationList = FFA83030276F9CE4003F1EA0 /* Build configuration list for PBXNativeTarget "enum_parser" */;
			buildPhases = (
				FFA83028276F9CE4003F1EA0 /* Sources */,
				FFA83029276F9CE4003F1EA0 /* Frameworks */,
				FFA8302A276F9CE4003F1EA0 /* CopyFiles */,
			);
			buildRules = (
			);
			dependencies = (
			);
			name = enum_parser;
			productName = enum_parser;
			productReference = FFA8302C276F9CE4003F1EA0 /* enum_parser */;
			productType = "com.apple.product-type.tool";
		};
		FFA83043276F9EBE003F1EA0 /* test_mgl_glfw */ = {
			isa = PBXNativeTarget;
			buildConfigurationList = FFA83048276F9EBF003F1EA0 /* Build configuration list for PBXNativeTarget "test_mgl_glfw" */;
			buildPhases = (
				FFA83040276F9EBE003F1EA0 /* Sources */,
				FFA83041276F9EBE003F1EA0 /* Frameworks */,
				FFA83042276F9EBE003F1EA0 /* CopyFiles */,
			);
			buildRules = (
			);
			dependencies = (
				FF4811212772B77C00BBF7C7 /* PBXTargetDependency */,
			);
			name = test_mgl_glfw;
			productName = test_mgl_glfw;
			productReference = FFA83044276F9EBE003F1EA0 /* test_mgl_glfw */;
			productType = "com.apple.product-type.tool";
		};
/* End PBXNativeTarget section */

/* Begin PBXProject section */
		FFA82FF8276F97DE003F1EA0 /* Project object */ = {
			isa = PBXProject;
			attributes = {
				LastUpgradeCheck = 1420;
				TargetAttributes = {
					FF48101D2772B44D00BBF7C7 = {
						CreatedOnToolsVersion = 12.4;
					};
					FF7B784727714BE700C2028F = {
						CreatedOnToolsVersion = 12.4;
					};
					FF8F9165277E309800A1E546 = {
						CreatedOnToolsVersion = 12.4;
					};
					FF8F9173277E30D500A1E546 = {
						CreatedOnToolsVersion = 12.4;
					};
					FF8F918A277E312E00A1E546 = {
						CreatedOnToolsVersion = 12.4;
					};
					FFA82FFF276F97DE003F1EA0 = {
						CreatedOnToolsVersion = 12.4;
					};
					FFA8302B276F9CE4003F1EA0 = {
						CreatedOnToolsVersion = 12.4;
					};
					FFA83043276F9EBE003F1EA0 = {
						CreatedOnToolsVersion = 12.4;
					};
				};
			};
			buildConfigurationList = FFA82FFB276F97DE003F1EA0 /* Build configuration list for PBXProject "MGL" */;
			compatibilityVersion = "Xcode 9.3";
			developmentRegion = en;
			hasScannedForEncodings = 0;
			knownRegions = (
				en,
				Base,
			);
			mainGroup = FFA82FF7276F97DE003F1EA0;
			productRefGroup = FFA83001276F97DE003F1EA0 /* Products */;
			projectDirPath = "";
			projectRoot = "";
			targets = (
				FF8F918A277E312E00A1E546 /* SPIRV-Headers */,
				FF8F9165277E309800A1E546 /* SPIRV-Tools */,
				FF8F9173277E30D500A1E546 /* SPIRV-Cross */,
				FFA82FFF276F97DE003F1EA0 /* MGL */,
				FF48101D2772B44D00BBF7C7 /* GLFW */,
				FFA83043276F9EBE003F1EA0 /* test_mgl_glfw */,
				FFA8302B276F9CE4003F1EA0 /* enum_parser */,
				FF7B784727714BE700C2028F /* spec_parser */,
			);
		};
/* End PBXProject section */

/* Begin PBXSourcesBuildPhase section */
		FF48101B2772B44D00BBF7C7 /* Sources */ = {
			isa = PBXSourcesBuildPhase;
			buildActionMask = 2147483647;
			files = (
				FF48108D2772B48900BBF7C7 /* osmesa_context.c in Sources */,
				FF4810902772B48900BBF7C7 /* null_monitor.c in Sources */,
				FF4810712772B48900BBF7C7 /* mgl_context.m in Sources */,
				FF48108C2772B48900BBF7C7 /* platform.c in Sources */,
				FF48109A2772B48900BBF7C7 /* egl_context.c in Sources */,
				FF4810762772B48900BBF7C7 /* monitor.c in Sources */,
				FF48108F2772B48900BBF7C7 /* vulkan.c in Sources */,
				FF4810A02772B48900BBF7C7 /* posix_module.c in Sources */,
				FF4810A92772B48900BBF7C7 /* cocoa_monitor.m in Sources */,
				FF4810972772B48900BBF7C7 /* null_window.c in Sources */,
				FF4810922772B48900BBF7C7 /* input.c in Sources */,
				FF48107E2772B48900BBF7C7 /* null_joystick.c in Sources */,
				FF4810992772B48900BBF7C7 /* cocoa_window.m in Sources */,
				FF48109E2772B48900BBF7C7 /* cocoa_time.c in Sources */,
				FF48109D2772B48900BBF7C7 /* context.c in Sources */,
				FF4810932772B48900BBF7C7 /* posix_thread.c in Sources */,
				FF4810AA2772B48900BBF7C7 /* window.c in Sources */,
				FF4810772772B48900BBF7C7 /* cocoa_init.m in Sources */,
				FF48107A2772B48900BBF7C7 /* null_init.c in Sources */,
				FF4810812772B48900BBF7C7 /* init.c in Sources */,
				FF4810732772B48900BBF7C7 /* cocoa_joystick.m in Sources */,
			);
			runOnlyForDeploymentPostprocessing = 0;
		};
		FF7B784427714BE700C2028F /* Sources */ = {
			isa = PBXSourcesBuildPhase;
			buildActionMask = 2147483647;
			files = (
				FF7B785427714C3800C2028F /* ezxml.c in Sources */,
				FF7B784B27714BE700C2028F /* spec_parser.c in Sources */,
			);
			runOnlyForDeploymentPostprocessing = 0;
		};
		FFA82FFD276F97DE003F1EA0 /* Sources */ = {
			isa = PBXSourcesBuildPhase;
			buildActionMask = 2147483647;
			files = (
				FF7B7AA727728C1D00C2028F /* utils.c in Sources */,
				FF7B7AF7277290EB00C2028F /* gl_core.c in Sources */,
				FF7B7AA127728C1D00C2028F /* get.c in Sources */,
				FF7B7AAC27728C1D00C2028F /* mgl_funcs_to_be_implemented.c in Sources */,
				FF7B7AB227728C1D00C2028F /* vertex_buffers.c in Sources */,
				FF7B7AA827728C1D00C2028F /* error.c in Sources */,
				FF7B7AA627728C1D00C2028F /* textures.c in Sources */,
				FF7B7AAF27728C1D00C2028F /* hash_table.c in Sources */,
				FF7B7AAD27728C1D00C2028F /* rendering.c in Sources */,
				FF7B7AAB27728C1D00C2028F /* vertex_arrays.c in Sources */,
				FF7B7AA027728C1D00C2028F /* pixel_utils.c in Sources */,
				FF7B7AB127728C1D00C2028F /* shaders.c in Sources */,
				FF7B7A9F27728C1D00C2028F /* program.c in Sources */,
				FF7B7A9E27728C1D00C2028F /* MGLTextures.m in Sources */,
				FF7B7AA427728C1D00C2028F /* non_core_unimplemented.c in Sources */,
				FF7B7AB327728C1D00C2028F /* MGLRenderer.m in Sources */,
				FF7B7AB027728C1D00C2028F /* glm_dispatch.c in Sources */,
				FF8F91A82780FBBD00A1E546 /* samplers.c in Sources */,
				FF7B7A9D27728C1D00C2028F /* state.c in Sources */,
				FF7B7AAA27728C1D00C2028F /* fence.c in Sources */,
				FF7B7AAE27728C1D00C2028F /* glm_context.c in Sources */,
				FF99BF6B2ADE117A008AE33A /* spirv_cross_c.cpp in Sources */,
				FF7B7AA927728C1D00C2028F /* draw_buffers.c in Sources */,
				FF7B7AA527728C1D00C2028F /* buffers.c in Sources */,
				FF7B7AA327728C1D00C2028F /* glm_params.c in Sources */,
				FF4811722776963E00BBF7C7 /* tex_param.c in Sources */,
				FFA1EB712782851500EEE5AD /* compute.c in Sources */,
				FF7B7AA227728C1D00C2028F /* framebuffers.c in Sources */,
			);
			runOnlyForDeploymentPostprocessing = 0;
		};
		FFA83028276F9CE4003F1EA0 /* Sources */ = {
			isa = PBXSourcesBuildPhase;
			buildActionMask = 2147483647;
			files = (
				FF7B77AF2771056B00C2028F /* enum_parser.c in Sources */,
				FF7B77A52771054F00C2028F /* ezxml.c in Sources */,
			);
			runOnlyForDeploymentPostprocessing = 0;
		};
		FFA83040276F9EBE003F1EA0 /* Sources */ = {
			isa = PBXSourcesBuildPhase;
			buildActionMask = 2147483647;
			files = (
				FFA83047276F9EBF003F1EA0 /* main.cpp in Sources */,
			);
			runOnlyForDeploymentPostprocessing = 0;
		};
/* End PBXSourcesBuildPhase section */

/* Begin PBXTargetDependency section */
		FF4811212772B77C00BBF7C7 /* PBXTargetDependency */ = {
			isa = PBXTargetDependency;
			target = FF48101D2772B44D00BBF7C7 /* GLFW */;
			targetProxy = FF4811202772B77C00BBF7C7 /* PBXContainerItemProxy */;
		};
		FF4811232772B78000BBF7C7 /* PBXTargetDependency */ = {
			isa = PBXTargetDependency;
			target = FFA82FFF276F97DE003F1EA0 /* MGL */;
			targetProxy = FF4811222772B78000BBF7C7 /* PBXContainerItemProxy */;
		};
		FF8F9182277E30F600A1E546 /* PBXTargetDependency */ = {
			isa = PBXTargetDependency;
			target = FF8F9165277E309800A1E546 /* SPIRV-Tools */;
			targetProxy = FF8F9181277E30F600A1E546 /* PBXContainerItemProxy */;
		};
		FF8F9184277E30F800A1E546 /* PBXTargetDependency */ = {
			isa = PBXTargetDependency;
			target = FF8F9173277E30D500A1E546 /* SPIRV-Cross */;
			targetProxy = FF8F9183277E30F800A1E546 /* PBXContainerItemProxy */;
		};
		FF8F9199277E318500A1E546 /* PBXTargetDependency */ = {
			isa = PBXTargetDependency;
			target = FF8F918A277E312E00A1E546 /* SPIRV-Headers */;
			targetProxy = FF8F9198277E318500A1E546 /* PBXContainerItemProxy */;
		};
		FF8F919B277E318A00A1E546 /* PBXTargetDependency */ = {
			isa = PBXTargetDependency;
			target = FF8F918A277E312E00A1E546 /* SPIRV-Headers */;
			targetProxy = FF8F919A277E318A00A1E546 /* PBXContainerItemProxy */;
		};
		FF99BF8B2ADF3F89008AE33A /* PBXTargetDependency */ = {
			isa = PBXTargetDependency;
			target = FF8F918A277E312E00A1E546 /* SPIRV-Headers */;
			targetProxy = FF99BF8A2ADF3F89008AE33A /* PBXContainerItemProxy */;
		};
/* End PBXTargetDependency section */

/* Begin XCBuildConfiguration section */
		FF4810202772B44D00BBF7C7 /* Debug */ = {
			isa = XCBuildConfiguration;
			buildSettings = {
				CLANG_ENABLE_OBJC_ARC = NO;
				CLANG_WARN_DOCUMENTATION_COMMENTS = NO;
				CODE_SIGN_STYLE = Automatic;
				DEAD_CODE_STRIPPING = YES;
				DEVELOPMENT_TEAM = A54HA75PNX;
				DYLIB_COMPATIBILITY_VERSION = 1;
				DYLIB_CURRENT_VERSION = 1;
				EXECUTABLE_PREFIX = lib;
				OTHER_CFLAGS = "-D_GLFW_COCOA=1";
				PRODUCT_NAME = "$(TARGET_NAME)";
				SKIP_INSTALL = YES;
				SYSTEM_HEADER_SEARCH_PATHS = /usr/local/include/GL;
			};
			name = Debug;
		};
		FF4810212772B44D00BBF7C7 /* Release */ = {
			isa = XCBuildConfiguration;
			buildSettings = {
				CLANG_ENABLE_OBJC_ARC = NO;
				CLANG_WARN_DOCUMENTATION_COMMENTS = NO;
				CODE_SIGN_STYLE = Automatic;
				DEAD_CODE_STRIPPING = YES;
				DEVELOPMENT_TEAM = A54HA75PNX;
				DYLIB_COMPATIBILITY_VERSION = 1;
				DYLIB_CURRENT_VERSION = 1;
				EXECUTABLE_PREFIX = lib;
				OTHER_CFLAGS = "-D_GLFW_COCOA=1";
				PRODUCT_NAME = "$(TARGET_NAME)";
				SKIP_INSTALL = YES;
				SYSTEM_HEADER_SEARCH_PATHS = /usr/local/include/GL;
			};
			name = Release;
		};
		FF7B784D27714BE700C2028F /* Debug */ = {
			isa = XCBuildConfiguration;
			buildSettings = {
				CODE_SIGN_IDENTITY = "-";
				CODE_SIGN_STYLE = Automatic;
				DEAD_CODE_STRIPPING = YES;
				DEVELOPMENT_TEAM = A54HA75PNX;
				ENABLE_HARDENED_RUNTIME = YES;
				PRODUCT_NAME = "$(TARGET_NAME)";
			};
			name = Debug;
		};
		FF7B784E27714BE700C2028F /* Release */ = {
			isa = XCBuildConfiguration;
			buildSettings = {
				CODE_SIGN_IDENTITY = "-";
				CODE_SIGN_STYLE = Automatic;
				DEAD_CODE_STRIPPING = YES;
				DEVELOPMENT_TEAM = A54HA75PNX;
				ENABLE_HARDENED_RUNTIME = YES;
				PRODUCT_NAME = "$(TARGET_NAME)";
			};
			name = Release;
		};
		FF8F9166277E309900A1E546 /* Debug */ = {
			isa = XCBuildConfiguration;
			buildSettings = {
				CODE_SIGN_STYLE = Automatic;
				DEAD_CODE_STRIPPING = YES;
				DEBUGGING_SYMBOLS = YES;
				DEBUG_INFORMATION_FORMAT = dwarf;
				DEVELOPMENT_TEAM = A54HA75PNX;
				GCC_GENERATE_DEBUGGING_SYMBOLS = YES;
				GCC_OPTIMIZATION_LEVEL = 0;
				OTHER_CFLAGS = "";
				OTHER_LDFLAGS = "";
				PRODUCT_NAME = "$(TARGET_NAME)";
			};
			name = Debug;
		};
		FF8F9167277E309900A1E546 /* Release */ = {
			isa = XCBuildConfiguration;
			buildSettings = {
				CODE_SIGN_STYLE = Automatic;
				DEAD_CODE_STRIPPING = YES;
				DEBUG_INFORMATION_FORMAT = "dwarf-with-dsym";
				DEVELOPMENT_TEAM = A54HA75PNX;
				OTHER_CFLAGS = "";
				OTHER_LDFLAGS = "";
				PRODUCT_NAME = "$(TARGET_NAME)";
			};
			name = Release;
		};
		FF8F9175277E30D500A1E546 /* Debug */ = {
			isa = XCBuildConfiguration;
			buildSettings = {
				CODE_SIGN_STYLE = Automatic;
				DEAD_CODE_STRIPPING = YES;
				DEBUGGING_SYMBOLS = YES;
				DEBUG_INFORMATION_FORMAT = dwarf;
				DEVELOPMENT_TEAM = A54HA75PNX;
				GCC_GENERATE_DEBUGGING_SYMBOLS = YES;
				GCC_OPTIMIZATION_LEVEL = 0;
				OTHER_CFLAGS = "";
				OTHER_LDFLAGS = "";
				PRODUCT_NAME = "$(TARGET_NAME)";
			};
			name = Debug;
		};
		FF8F9176277E30D500A1E546 /* Release */ = {
			isa = XCBuildConfiguration;
			buildSettings = {
				CODE_SIGN_STYLE = Automatic;
				DEAD_CODE_STRIPPING = YES;
				DEBUG_INFORMATION_FORMAT = "dwarf-with-dsym";
				DEVELOPMENT_TEAM = A54HA75PNX;
				OTHER_CFLAGS = "";
				OTHER_LDFLAGS = "";
				PRODUCT_NAME = "$(TARGET_NAME)";
			};
			name = Release;
		};
		FF8F918C277E312E00A1E546 /* Debug */ = {
			isa = XCBuildConfiguration;
			buildSettings = {
				CODE_SIGN_STYLE = Automatic;
				DEAD_CODE_STRIPPING = YES;
				DEBUGGING_SYMBOLS = YES;
				DEBUG_INFORMATION_FORMAT = dwarf;
				DEVELOPMENT_TEAM = A54HA75PNX;
				GCC_GENERATE_DEBUGGING_SYMBOLS = YES;
				GCC_OPTIMIZATION_LEVEL = 0;
				OTHER_CFLAGS = "";
				OTHER_LDFLAGS = "";
				PRODUCT_NAME = "$(TARGET_NAME)";
			};
			name = Debug;
		};
		FF8F918D277E312E00A1E546 /* Release */ = {
			isa = XCBuildConfiguration;
			buildSettings = {
				CODE_SIGN_STYLE = Automatic;
				DEAD_CODE_STRIPPING = YES;
				DEBUG_INFORMATION_FORMAT = "dwarf-with-dsym";
				DEVELOPMENT_TEAM = A54HA75PNX;
				OTHER_CFLAGS = "";
				OTHER_LDFLAGS = "";
				PRODUCT_NAME = "$(TARGET_NAME)";
			};
			name = Release;
		};
		FFA83002276F97DE003F1EA0 /* Debug */ = {
			isa = XCBuildConfiguration;
			buildSettings = {
				ALWAYS_SEARCH_USER_PATHS = NO;
				CLANG_ANALYZER_NONNULL = YES;
				CLANG_ANALYZER_NUMBER_OBJECT_CONVERSION = YES_AGGRESSIVE;
				CLANG_CXX_LANGUAGE_STANDARD = "gnu++14";
				CLANG_CXX_LIBRARY = "libc++";
				CLANG_ENABLE_MODULES = YES;
				CLANG_ENABLE_OBJC_ARC = YES;
				CLANG_ENABLE_OBJC_WEAK = YES;
				CLANG_WARN_BLOCK_CAPTURE_AUTORELEASING = YES;
				CLANG_WARN_BOOL_CONVERSION = YES;
				CLANG_WARN_COMMA = YES;
				CLANG_WARN_CONSTANT_CONVERSION = YES;
				CLANG_WARN_DEPRECATED_OBJC_IMPLEMENTATIONS = YES;
				CLANG_WARN_DIRECT_OBJC_ISA_USAGE = YES_ERROR;
				CLANG_WARN_DOCUMENTATION_COMMENTS = YES;
				CLANG_WARN_EMPTY_BODY = YES;
				CLANG_WARN_ENUM_CONVERSION = YES;
				CLANG_WARN_INFINITE_RECURSION = YES;
				CLANG_WARN_INT_CONVERSION = YES;
				CLANG_WARN_NON_LITERAL_NULL_CONVERSION = YES;
				CLANG_WARN_OBJC_IMPLICIT_RETAIN_SELF = YES;
				CLANG_WARN_OBJC_LITERAL_CONVERSION = YES;
				CLANG_WARN_OBJC_ROOT_CLASS = YES_ERROR;
				CLANG_WARN_QUOTED_INCLUDE_IN_FRAMEWORK_HEADER = YES;
				CLANG_WARN_RANGE_LOOP_ANALYSIS = YES;
				CLANG_WARN_STRICT_PROTOTYPES = YES;
				CLANG_WARN_SUSPICIOUS_MOVE = YES;
				CLANG_WARN_UNGUARDED_AVAILABILITY = YES_AGGRESSIVE;
				CLANG_WARN_UNREACHABLE_CODE = YES;
				CLANG_WARN__DUPLICATE_METHOD_MATCH = YES;
				COPY_PHASE_STRIP = NO;
				DEAD_CODE_STRIPPING = YES;
				DEBUG_INFORMATION_FORMAT = dwarf;
				ENABLE_STRICT_OBJC_MSGSEND = YES;
				ENABLE_TESTABILITY = YES;
				GCC_C_LANGUAGE_STANDARD = gnu11;
				GCC_DYNAMIC_NO_PIC = NO;
				GCC_NO_COMMON_BLOCKS = YES;
				GCC_OPTIMIZATION_LEVEL = 0;
				GCC_PREPROCESSOR_DEFINITIONS = (
					"DEBUG=1",
					"$(inherited)",
				);
				GCC_WARN_64_TO_32_BIT_CONVERSION = YES;
				GCC_WARN_ABOUT_RETURN_TYPE = YES_ERROR;
				GCC_WARN_UNDECLARED_SELECTOR = YES;
				GCC_WARN_UNINITIALIZED_AUTOS = YES_AGGRESSIVE;
				GCC_WARN_UNUSED_FUNCTION = YES;
				GCC_WARN_UNUSED_VARIABLE = YES;
				MACOSX_DEPLOYMENT_TARGET = 10.15;
				MTL_ENABLE_DEBUG_INFO = INCLUDE_SOURCE;
				MTL_FAST_MATH = YES;
				ONLY_ACTIVE_ARCH = YES;
				SDKROOT = macosx;
			};
			name = Debug;
		};
		FFA83003276F97DE003F1EA0 /* Release */ = {
			isa = XCBuildConfiguration;
			buildSettings = {
				ALWAYS_SEARCH_USER_PATHS = NO;
				CLANG_ANALYZER_NONNULL = YES;
				CLANG_ANALYZER_NUMBER_OBJECT_CONVERSION = YES_AGGRESSIVE;
				CLANG_CXX_LANGUAGE_STANDARD = "gnu++14";
				CLANG_CXX_LIBRARY = "libc++";
				CLANG_ENABLE_MODULES = YES;
				CLANG_ENABLE_OBJC_ARC = YES;
				CLANG_ENABLE_OBJC_WEAK = YES;
				CLANG_WARN_BLOCK_CAPTURE_AUTORELEASING = YES;
				CLANG_WARN_BOOL_CONVERSION = YES;
				CLANG_WARN_COMMA = YES;
				CLANG_WARN_CONSTANT_CONVERSION = YES;
				CLANG_WARN_DEPRECATED_OBJC_IMPLEMENTATIONS = YES;
				CLANG_WARN_DIRECT_OBJC_ISA_USAGE = YES_ERROR;
				CLANG_WARN_DOCUMENTATION_COMMENTS = YES;
				CLANG_WARN_EMPTY_BODY = YES;
				CLANG_WARN_ENUM_CONVERSION = YES;
				CLANG_WARN_INFINITE_RECURSION = YES;
				CLANG_WARN_INT_CONVERSION = YES;
				CLANG_WARN_NON_LITERAL_NULL_CONVERSION = YES;
				CLANG_WARN_OBJC_IMPLICIT_RETAIN_SELF = YES;
				CLANG_WARN_OBJC_LITERAL_CONVERSION = YES;
				CLANG_WARN_OBJC_ROOT_CLASS = YES_ERROR;
				CLANG_WARN_QUOTED_INCLUDE_IN_FRAMEWORK_HEADER = YES;
				CLANG_WARN_RANGE_LOOP_ANALYSIS = YES;
				CLANG_WARN_STRICT_PROTOTYPES = YES;
				CLANG_WARN_SUSPICIOUS_MOVE = YES;
				CLANG_WARN_UNGUARDED_AVAILABILITY = YES_AGGRESSIVE;
				CLANG_WARN_UNREACHABLE_CODE = YES;
				CLANG_WARN__DUPLICATE_METHOD_MATCH = YES;
				COPY_PHASE_STRIP = NO;
				DEAD_CODE_STRIPPING = YES;
				DEBUG_INFORMATION_FORMAT = "dwarf-with-dsym";
				ENABLE_NS_ASSERTIONS = NO;
				ENABLE_STRICT_OBJC_MSGSEND = YES;
				GCC_C_LANGUAGE_STANDARD = gnu11;
				GCC_NO_COMMON_BLOCKS = YES;
				GCC_WARN_64_TO_32_BIT_CONVERSION = YES;
				GCC_WARN_ABOUT_RETURN_TYPE = YES_ERROR;
				GCC_WARN_UNDECLARED_SELECTOR = YES;
				GCC_WARN_UNINITIALIZED_AUTOS = YES_AGGRESSIVE;
				GCC_WARN_UNUSED_FUNCTION = YES;
				GCC_WARN_UNUSED_VARIABLE = YES;
				MACOSX_DEPLOYMENT_TARGET = 10.15;
				MTL_ENABLE_DEBUG_INFO = NO;
				MTL_FAST_MATH = YES;
				SDKROOT = macosx;
			};
			name = Release;
		};
		FFA83005276F97DE003F1EA0 /* Debug */ = {
			isa = XCBuildConfiguration;
			buildSettings = {
				CLANG_CXX_LANGUAGE_STANDARD = "gnu++20";
				CLANG_WARN_DOCUMENTATION_COMMENTS = NO;
				CODE_SIGN_IDENTITY = "-";
				CODE_SIGN_STYLE = Automatic;
				DEAD_CODE_STRIPPING = YES;
				DEVELOPMENT_TEAM = A54HA75PNX;
				DYLIB_COMPATIBILITY_VERSION = 1;
				DYLIB_CURRENT_VERSION = 1;
				EXECUTABLE_PREFIX = lib;
				HEADER_SEARCH_PATHS = (
					"$(SRCROOT)/external/SPIRV-Headers/include",
					"$(SRCROOT)/external/SPIRV-Tools/build",
					"$(SRCROOT)/external/SPIRV-Tools/",
					"$(SRCROOT)/external/SPIRV-Tools/include",
					"$(SRCROOT)/external/SPIRV-Cross/",
					"$(SRCROOT)/external/glslang/build/include",
					"$(SRCROOT)/external/glslang/",
					"$(SRCROOT)/MGL/include",
				);
				LIBRARY_SEARCH_PATHS = (
					"$(PROJECT_DIR)/external/glslang/build/StandAlone",
					"$(PROJECT_DIR)/external/glslang/build/glslang",
					"$(PROJECT_DIR)/external/glslang/build/SPIRV",
					"$(PROJECT_DIR)/external/glslang/build/glslang/OSDependent/Unix",
					"$(PROJECT_DIR)/external/SPIRV-Tools/build/source",
					"$(PROJECT_DIR)/external/SPIRV-Cross/build",
					"/usr/local/lib/**",
					"$(PROJECT_DIR)/external/SPIRV-Tools/build/source/diff",
					"$(PROJECT_DIR)/external/SPIRV-Tools/build/source/lint",
					"$(PROJECT_DIR)/external/SPIRV-Tools/build/source/opt",
					"$(PROJECT_DIR)/external/SPIRV-Tools/build/source/link",
					"$(PROJECT_DIR)/external/SPIRV-Tools/build/source/reduce",
					"$(PROJECT_DIR)/external/glfw/build/src",
				);
				MACH_O_TYPE = mh_dylib;
				OTHER_CFLAGS = (
					"-DENABLE_OPT=0",
					"-DSPIRV_CROSS_C_API_MSL=1",
					"-DSPIRV_CROSS_C_API_GLSL=1",
					"-DSPIRV_CROSS_C_API_CPP=1",
					"-DSPIRV_CROSS_C_API_REFLECT=1",
				);
				OTHER_LDFLAGS = "-lstdc++";
				PRODUCT_NAME = "$(TARGET_NAME)";
				SDKROOT = macosx;
				SKIP_INSTALL = NO;
				SYSTEM_HEADER_SEARCH_PATHS = (
					/usr/local/include,
					/usr/local/include/GL,
					/usr/local/include/glslang/Include,
					/usr/local/include/spirv_cross,
					/usr/local/include/spirv_cross_c,
				);
			};
			name = Debug;
		};
		FFA83006276F97DE003F1EA0 /* Release */ = {
			isa = XCBuildConfiguration;
			buildSettings = {
				CLANG_CXX_LANGUAGE_STANDARD = "gnu++20";
				CLANG_WARN_DOCUMENTATION_COMMENTS = NO;
				CODE_SIGN_IDENTITY = "-";
				CODE_SIGN_STYLE = Automatic;
				DEAD_CODE_STRIPPING = YES;
				DEVELOPMENT_TEAM = A54HA75PNX;
				DYLIB_COMPATIBILITY_VERSION = 1;
				DYLIB_CURRENT_VERSION = 1;
				EXECUTABLE_PREFIX = lib;
				HEADER_SEARCH_PATHS = (
					"$(SRCROOT)/external/SPIRV-Headers/include",
					"$(SRCROOT)/external/SPIRV-Tools/build",
					"$(SRCROOT)/external/SPIRV-Tools/",
					"$(SRCROOT)/external/SPIRV-Tools/include",
					"$(SRCROOT)/external/SPIRV-Cross/",
					"$(SRCROOT)/external/glslang/build/include",
					"$(SRCROOT)/external/glslang/",
					"$(SRCROOT)/MGL/include",
				);
				LIBRARY_SEARCH_PATHS = (
					"$(PROJECT_DIR)/external/glslang/build/StandAlone",
					"$(PROJECT_DIR)/external/glslang/build/glslang",
					"$(PROJECT_DIR)/external/glslang/build/SPIRV",
					"$(PROJECT_DIR)/external/glslang/build/glslang/OSDependent/Unix",
					"$(PROJECT_DIR)/external/SPIRV-Tools/build/source",
					"$(PROJECT_DIR)/external/SPIRV-Cross/build",
					"/usr/local/lib/**",
					"$(PROJECT_DIR)/external/SPIRV-Tools/build/source/diff",
					"$(PROJECT_DIR)/external/SPIRV-Tools/build/source/lint",
					"$(PROJECT_DIR)/external/SPIRV-Tools/build/source/opt",
					"$(PROJECT_DIR)/external/SPIRV-Tools/build/source/link",
					"$(PROJECT_DIR)/external/SPIRV-Tools/build/source/reduce",
					"$(PROJECT_DIR)/external/glfw/build/src",
				);
				MACH_O_TYPE = mh_dylib;
				OTHER_CFLAGS = (
					"-DENABLE_OPT=0",
					"-DSPIRV_CROSS_C_API_MSL=1",
					"-DSPIRV_CROSS_C_API_GLSL=1",
					"-DSPIRV_CROSS_C_API_CPP=1",
					"-DSPIRV_CROSS_C_API_REFLECT=1",
				);
				OTHER_LDFLAGS = "-lstdc++";
				PRODUCT_NAME = "$(TARGET_NAME)";
				SDKROOT = macosx;
				SKIP_INSTALL = NO;
				SYSTEM_HEADER_SEARCH_PATHS = (
					/usr/local/include,
					/usr/local/include/GL,
					/usr/local/include/glslang/Include,
					/usr/local/include/spirv_cross,
					/usr/local/include/spirv_cross_c,
				);
			};
			name = Release;
		};
		FFA83031276F9CE4003F1EA0 /* Debug */ = {
			isa = XCBuildConfiguration;
			buildSettings = {
				CODE_SIGN_IDENTITY = "-";
				CODE_SIGN_STYLE = Automatic;
				DEAD_CODE_STRIPPING = YES;
				DEVELOPMENT_TEAM = A54HA75PNX;
				ENABLE_HARDENED_RUNTIME = YES;
				HEADER_SEARCH_PATHS = "";
				LIBRARY_SEARCH_PATHS = (
					"$(inherited)",
					"$(PROJECT_DIR)/external/ezxml",
				);
				PRODUCT_NAME = "$(TARGET_NAME)";
			};
			name = Debug;
		};
		FFA83032276F9CE4003F1EA0 /* Release */ = {
			isa = XCBuildConfiguration;
			buildSettings = {
				CODE_SIGN_IDENTITY = "-";
				CODE_SIGN_STYLE = Automatic;
				DEAD_CODE_STRIPPING = YES;
				DEVELOPMENT_TEAM = A54HA75PNX;
				ENABLE_HARDENED_RUNTIME = YES;
				HEADER_SEARCH_PATHS = "";
				LIBRARY_SEARCH_PATHS = (
					"$(inherited)",
					"$(PROJECT_DIR)/external/ezxml",
				);
				PRODUCT_NAME = "$(TARGET_NAME)";
			};
			name = Release;
		};
		FFA83049276F9EBF003F1EA0 /* Debug */ = {
			isa = XCBuildConfiguration;
			buildSettings = {
				CODE_SIGN_ENTITLEMENTS = test_mgl_glfw.entitlements;
				CODE_SIGN_IDENTITY = "Apple Development";
				CODE_SIGN_STYLE = Automatic;
				DEAD_CODE_STRIPPING = YES;
				DEVELOPMENT_TEAM = A54HA75PNX;
				ENABLE_HARDENED_RUNTIME = YES;
				HEADER_SEARCH_PATHS = (
					"$(SRCROOT)/MGL/include",
					"$(SRCROOT)/glfw/include",
				);
				LIBRARY_SEARCH_PATHS = /usr/local/lib;
				PRODUCT_NAME = "$(TARGET_NAME)";
				SYSTEM_HEADER_SEARCH_PATHS = /usr/local/include;
			};
			name = Debug;
		};
		FFA8304A276F9EBF003F1EA0 /* Release */ = {
			isa = XCBuildConfiguration;
			buildSettings = {
				CODE_SIGN_ENTITLEMENTS = test_mgl_glfw.entitlements;
				CODE_SIGN_IDENTITY = "Apple Development";
				CODE_SIGN_STYLE = Automatic;
				DEAD_CODE_STRIPPING = YES;
				DEVELOPMENT_TEAM = A54HA75PNX;
				ENABLE_HARDENED_RUNTIME = YES;
				HEADER_SEARCH_PATHS = (
					"$(SRCROOT)/MGL/include",
					"$(SRCROOT)/glfw/include",
				);
				LIBRARY_SEARCH_PATHS = /usr/local/lib;
				PRODUCT_NAME = "$(TARGET_NAME)";
				SYSTEM_HEADER_SEARCH_PATHS = /usr/local/include;
			};
			name = Release;
		};
/* End XCBuildConfiguration section */

/* Begin XCConfigurationList section */
		FF48101F2772B44D00BBF7C7 /* Build configuration list for PBXNativeTarget "GLFW" */ = {
			isa = XCConfigurationList;
			buildConfigurations = (
				FF4810202772B44D00BBF7C7 /* Debug */,
				FF4810212772B44D00BBF7C7 /* Release */,
			);
			defaultConfigurationIsVisible = 0;
			defaultConfigurationName = Release;
		};
		FF7B784C27714BE700C2028F /* Build configuration list for PBXNativeTarget "spec_parser" */ = {
			isa = XCConfigurationList;
			buildConfigurations = (
				FF7B784D27714BE700C2028F /* Debug */,
				FF7B784E27714BE700C2028F /* Release */,
			);
			defaultConfigurationIsVisible = 0;
			defaultConfigurationName = Release;
		};
		FF8F9168277E309900A1E546 /* Build configuration list for PBXLegacyTarget "SPIRV-Tools" */ = {
			isa = XCConfigurationList;
			buildConfigurations = (
				FF8F9166277E309900A1E546 /* Debug */,
				FF8F9167277E309900A1E546 /* Release */,
			);
			defaultConfigurationIsVisible = 0;
			defaultConfigurationName = Release;
		};
		FF8F9174277E30D500A1E546 /* Build configuration list for PBXLegacyTarget "SPIRV-Cross" */ = {
			isa = XCConfigurationList;
			buildConfigurations = (
				FF8F9175277E30D500A1E546 /* Debug */,
				FF8F9176277E30D500A1E546 /* Release */,
			);
			defaultConfigurationIsVisible = 0;
			defaultConfigurationName = Release;
		};
		FF8F918B277E312E00A1E546 /* Build configuration list for PBXLegacyTarget "SPIRV-Headers" */ = {
			isa = XCConfigurationList;
			buildConfigurations = (
				FF8F918C277E312E00A1E546 /* Debug */,
				FF8F918D277E312E00A1E546 /* Release */,
			);
			defaultConfigurationIsVisible = 0;
			defaultConfigurationName = Release;
		};
		FFA82FFB276F97DE003F1EA0 /* Build configuration list for PBXProject "MGL" */ = {
			isa = XCConfigurationList;
			buildConfigurations = (
				FFA83002276F97DE003F1EA0 /* Debug */,
				FFA83003276F97DE003F1EA0 /* Release */,
			);
			defaultConfigurationIsVisible = 0;
			defaultConfigurationName = Release;
		};
		FFA83004276F97DE003F1EA0 /* Build configuration list for PBXNativeTarget "MGL" */ = {
			isa = XCConfigurationList;
			buildConfigurations = (
				FFA83005276F97DE003F1EA0 /* Debug */,
				FFA83006276F97DE003F1EA0 /* Release */,
			);
			defaultConfigurationIsVisible = 0;
			defaultConfigurationName = Release;
		};
		FFA83030276F9CE4003F1EA0 /* Build configuration list for PBXNativeTarget "enum_parser" */ = {
			isa = XCConfigurationList;
			buildConfigurations = (
				FFA83031276F9CE4003F1EA0 /* Debug */,
				FFA83032276F9CE4003F1EA0 /* Release */,
			);
			defaultConfigurationIsVisible = 0;
			defaultConfigurationName = Release;
		};
		FFA83048276F9EBF003F1EA0 /* Build configuration list for PBXNativeTarget "test_mgl_glfw" */ = {
			isa = XCConfigurationList;
			buildConfigurations = (
				FFA83049276F9EBF003F1EA0 /* Debug */,
				FFA8304A276F9EBF003F1EA0 /* Release */,
			);
			defaultConfigurationIsVisible = 0;
			defaultConfigurationName = Release;
		};
/* End XCConfigurationList section */
	};
	rootObject = FFA82FF8276F97DE003F1EA0 /* Project object */;
}
